// !$*UTF8*$!
{
	archiveVersion = 1;
	classes = {
	};
	objectVersion = 52;
	objects = {

/* Begin PBXBuildFile section */
		57328A0B2948D6D800E3AF19 /* UIComponents in Frameworks */ = {isa = PBXBuildFile; productRef = 57328A0A2948D6D800E3AF19 /* UIComponents */; };
		6C9878CF255021B900C5F3DF /* AppDelegate.swift in Sources */ = {isa = PBXBuildFile; fileRef = 6C9878CE255021B900C5F3DF /* AppDelegate.swift */; };
		6C9878D1255021B900C5F3DF /* SceneDelegate.swift in Sources */ = {isa = PBXBuildFile; fileRef = 6C9878D0255021B900C5F3DF /* SceneDelegate.swift */; };
		6C9878D6255021B900C5F3DF /* Main.storyboard in Resources */ = {isa = PBXBuildFile; fileRef = 6C9878D4255021B900C5F3DF /* Main.storyboard */; };
		6C9878D8255021BA00C5F3DF /* Assets.xcassets in Resources */ = {isa = PBXBuildFile; fileRef = 6C9878D7255021BA00C5F3DF /* Assets.xcassets */; };
		6C9878DB255021BA00C5F3DF /* LaunchScreen.storyboard in Resources */ = {isa = PBXBuildFile; fileRef = 6C9878D9255021BA00C5F3DF /* LaunchScreen.storyboard */; };
		6C9878F4255021E300C5F3DF /* ExamplableMolecules.swift in Sources */ = {isa = PBXBuildFile; fileRef = 6C9878E4255021E300C5F3DF /* ExamplableMolecules.swift */; };
		6C9878F5255021E300C5F3DF /* ExamplableOrganisms.swift in Sources */ = {isa = PBXBuildFile; fileRef = 6C9878E5255021E300C5F3DF /* ExamplableOrganisms.swift */; };
		6C9878F6255021E300C5F3DF /* AtomGroupViewController.swift in Sources */ = {isa = PBXBuildFile; fileRef = 6C9878E7255021E300C5F3DF /* AtomGroupViewController.swift */; };
		6C9878F7255021E300C5F3DF /* AtomsViewController.swift in Sources */ = {isa = PBXBuildFile; fileRef = 6C9878E8255021E300C5F3DF /* AtomsViewController.swift */; };
		6C9878F8255021E300C5F3DF /* MoleculesViewController.swift in Sources */ = {isa = PBXBuildFile; fileRef = 6C9878EA255021E300C5F3DF /* MoleculesViewController.swift */; };
		6C9878F9255021E300C5F3DF /* SingleComponentViewController.swift in Sources */ = {isa = PBXBuildFile; fileRef = 6C9878EC255021E300C5F3DF /* SingleComponentViewController.swift */; };
		6C9878FA255021E300C5F3DF /* OrganismsViewController.swift in Sources */ = {isa = PBXBuildFile; fileRef = 6C9878ED255021E300C5F3DF /* OrganismsViewController.swift */; };
		6C9878FB255021E300C5F3DF /* ExampleImages.swift in Sources */ = {isa = PBXBuildFile; fileRef = 6C9878EE255021E300C5F3DF /* ExampleImages.swift */; };
		6C9878FC255021E300C5F3DF /* ColoursViewController.swift in Sources */ = {isa = PBXBuildFile; fileRef = 6C9878F0255021E300C5F3DF /* ColoursViewController.swift */; };
		6C9878FD255021E300C5F3DF /* ColourView.swift in Sources */ = {isa = PBXBuildFile; fileRef = 6C9878F1255021E300C5F3DF /* ColourView.swift */; };
		6C9878FE255021E300C5F3DF /* ExampleProtocol.swift in Sources */ = {isa = PBXBuildFile; fileRef = 6C9878F2255021E300C5F3DF /* ExampleProtocol.swift */; };
		6C9878FF255021E300C5F3DF /* ExampleText.swift in Sources */ = {isa = PBXBuildFile; fileRef = 6C9878F3255021E300C5F3DF /* ExampleText.swift */; };
		DA539D1E2703672A00D0A45E /* AtomScreenshots.swift in Sources */ = {isa = PBXBuildFile; fileRef = DA539D1D2703672A00D0A45E /* AtomScreenshots.swift */; };
		DA539D26270367EF00D0A45E /* ViewControllerTestCase.swift in Sources */ = {isa = PBXBuildFile; fileRef = DA539D25270367EF00D0A45E /* ViewControllerTestCase.swift */; };
		DA539D282703683700D0A45E /* XCTestCase+Automation.swift in Sources */ = {isa = PBXBuildFile; fileRef = DA539D272703683700D0A45E /* XCTestCase+Automation.swift */; };
		DA5F64FB2704ADFD0032AE1C /* ScreenCapture.swift in Sources */ = {isa = PBXBuildFile; fileRef = DA5F64FA2704ADFD0032AE1C /* ScreenCapture.swift */; };
		DA5F64FD2704B1F70032AE1C /* UIScrollView+Automation.swift in Sources */ = {isa = PBXBuildFile; fileRef = DA5F64FC2704B1F70032AE1C /* UIScrollView+Automation.swift */; };
		DA5F64FF2704C5F20032AE1C /* MoleculeScreenshots.swift in Sources */ = {isa = PBXBuildFile; fileRef = DA5F64FE2704C5F20032AE1C /* MoleculeScreenshots.swift */; };
		DA5F65012705B1520032AE1C /* OrganismScreenshots.swift in Sources */ = {isa = PBXBuildFile; fileRef = DA5F65002705B1520032AE1C /* OrganismScreenshots.swift */; };
		DA5F65032705F0E40032AE1C /* ColourScreenshots.swift in Sources */ = {isa = PBXBuildFile; fileRef = DA5F65022705F0E40032AE1C /* ColourScreenshots.swift */; };
		DA5F65062705F9830032AE1C /* HTMLGenerator.swift in Sources */ = {isa = PBXBuildFile; fileRef = DA5F65052705F9830032AE1C /* HTMLGenerator.swift */; };
		DA5F65082705F9D80032AE1C /* Capture.swift in Sources */ = {isa = PBXBuildFile; fileRef = DA5F65072705F9D80032AE1C /* Capture.swift */; };
		DA5F650B270604400032AE1C /* Files.swift in Sources */ = {isa = PBXBuildFile; fileRef = DA5F650A270604400032AE1C /* Files.swift */; };
		DA99A77327045609000690D8 /* UITableView+Automation.swift in Sources */ = {isa = PBXBuildFile; fileRef = DA99A77227045609000690D8 /* UITableView+Automation.swift */; };
		DA99A776270456AC000690D8 /* UIView+Automation.swift in Sources */ = {isa = PBXBuildFile; fileRef = DA99A775270456AC000690D8 /* UIView+Automation.swift */; };
/* End PBXBuildFile section */

/* Begin PBXContainerItemProxy section */
		DA539D202703672A00D0A45E /* PBXContainerItemProxy */ = {
			isa = PBXContainerItemProxy;
			containerPortal = 6C9878C3255021B900C5F3DF /* Project object */;
			proxyType = 1;
			remoteGlobalIDString = 6C9878CA255021B900C5F3DF;
			remoteInfo = CompanionApp;
		};
/* End PBXContainerItemProxy section */

/* Begin PBXFileReference section */
		577A668329952B0500DFE0CD /* ios-components */ = {isa = PBXFileReference; lastKnownFileType = wrapper; name = "ios-components"; path = ..; sourceTree = "<group>"; };
		6C9878CB255021B900C5F3DF /* CompanionApp.app */ = {isa = PBXFileReference; explicitFileType = wrapper.application; includeInIndex = 0; path = CompanionApp.app; sourceTree = BUILT_PRODUCTS_DIR; };
		6C9878CE255021B900C5F3DF /* AppDelegate.swift */ = {isa = PBXFileReference; lastKnownFileType = sourcecode.swift; path = AppDelegate.swift; sourceTree = "<group>"; };
		6C9878D0255021B900C5F3DF /* SceneDelegate.swift */ = {isa = PBXFileReference; lastKnownFileType = sourcecode.swift; path = SceneDelegate.swift; sourceTree = "<group>"; };
		6C9878D5255021B900C5F3DF /* Base */ = {isa = PBXFileReference; lastKnownFileType = file.storyboard; name = Base; path = Base.lproj/Main.storyboard; sourceTree = "<group>"; };
		6C9878D7255021BA00C5F3DF /* Assets.xcassets */ = {isa = PBXFileReference; lastKnownFileType = folder.assetcatalog; path = Assets.xcassets; sourceTree = "<group>"; };
		6C9878DA255021BA00C5F3DF /* Base */ = {isa = PBXFileReference; lastKnownFileType = file.storyboard; name = Base; path = Base.lproj/LaunchScreen.storyboard; sourceTree = "<group>"; };
		6C9878DC255021BA00C5F3DF /* Info.plist */ = {isa = PBXFileReference; lastKnownFileType = text.plist.xml; path = Info.plist; sourceTree = "<group>"; };
		6C9878E4255021E300C5F3DF /* ExamplableMolecules.swift */ = {isa = PBXFileReference; fileEncoding = 4; lastKnownFileType = sourcecode.swift; path = ExamplableMolecules.swift; sourceTree = "<group>"; };
		6C9878E5255021E300C5F3DF /* ExamplableOrganisms.swift */ = {isa = PBXFileReference; fileEncoding = 4; lastKnownFileType = sourcecode.swift; path = ExamplableOrganisms.swift; sourceTree = "<group>"; };
		6C9878E7255021E300C5F3DF /* AtomGroupViewController.swift */ = {isa = PBXFileReference; fileEncoding = 4; lastKnownFileType = sourcecode.swift; path = AtomGroupViewController.swift; sourceTree = "<group>"; };
		6C9878E8255021E300C5F3DF /* AtomsViewController.swift */ = {isa = PBXFileReference; fileEncoding = 4; lastKnownFileType = sourcecode.swift; path = AtomsViewController.swift; sourceTree = "<group>"; };
		6C9878EA255021E300C5F3DF /* MoleculesViewController.swift */ = {isa = PBXFileReference; fileEncoding = 4; lastKnownFileType = sourcecode.swift; path = MoleculesViewController.swift; sourceTree = "<group>"; };
		6C9878EC255021E300C5F3DF /* SingleComponentViewController.swift */ = {isa = PBXFileReference; fileEncoding = 4; lastKnownFileType = sourcecode.swift; path = SingleComponentViewController.swift; sourceTree = "<group>"; };
		6C9878ED255021E300C5F3DF /* OrganismsViewController.swift */ = {isa = PBXFileReference; fileEncoding = 4; lastKnownFileType = sourcecode.swift; path = OrganismsViewController.swift; sourceTree = "<group>"; };
		6C9878EE255021E300C5F3DF /* ExampleImages.swift */ = {isa = PBXFileReference; fileEncoding = 4; lastKnownFileType = sourcecode.swift; path = ExampleImages.swift; sourceTree = "<group>"; };
		6C9878F0255021E300C5F3DF /* ColoursViewController.swift */ = {isa = PBXFileReference; fileEncoding = 4; lastKnownFileType = sourcecode.swift; path = ColoursViewController.swift; sourceTree = "<group>"; };
		6C9878F1255021E300C5F3DF /* ColourView.swift */ = {isa = PBXFileReference; fileEncoding = 4; lastKnownFileType = sourcecode.swift; path = ColourView.swift; sourceTree = "<group>"; };
		6C9878F2255021E300C5F3DF /* ExampleProtocol.swift */ = {isa = PBXFileReference; fileEncoding = 4; lastKnownFileType = sourcecode.swift; path = ExampleProtocol.swift; sourceTree = "<group>"; };
		6C9878F3255021E300C5F3DF /* ExampleText.swift */ = {isa = PBXFileReference; fileEncoding = 4; lastKnownFileType = sourcecode.swift; path = ExampleText.swift; sourceTree = "<group>"; };
		DA539D1B2703672A00D0A45E /* Screenshots.xctest */ = {isa = PBXFileReference; explicitFileType = wrapper.cfbundle; includeInIndex = 0; path = Screenshots.xctest; sourceTree = BUILT_PRODUCTS_DIR; };
		DA539D1D2703672A00D0A45E /* AtomScreenshots.swift */ = {isa = PBXFileReference; lastKnownFileType = sourcecode.swift; path = AtomScreenshots.swift; sourceTree = "<group>"; };
		DA539D1F2703672A00D0A45E /* Info.plist */ = {isa = PBXFileReference; lastKnownFileType = text.plist.xml; path = Info.plist; sourceTree = "<group>"; };
		DA539D25270367EF00D0A45E /* ViewControllerTestCase.swift */ = {isa = PBXFileReference; lastKnownFileType = sourcecode.swift; path = ViewControllerTestCase.swift; sourceTree = "<group>"; };
		DA539D272703683700D0A45E /* XCTestCase+Automation.swift */ = {isa = PBXFileReference; lastKnownFileType = sourcecode.swift; path = "XCTestCase+Automation.swift"; sourceTree = "<group>"; };
		DA5F64FA2704ADFD0032AE1C /* ScreenCapture.swift */ = {isa = PBXFileReference; lastKnownFileType = sourcecode.swift; path = ScreenCapture.swift; sourceTree = "<group>"; };
		DA5F64FC2704B1F70032AE1C /* UIScrollView+Automation.swift */ = {isa = PBXFileReference; lastKnownFileType = sourcecode.swift; path = "UIScrollView+Automation.swift"; sourceTree = "<group>"; };
		DA5F64FE2704C5F20032AE1C /* MoleculeScreenshots.swift */ = {isa = PBXFileReference; lastKnownFileType = sourcecode.swift; path = MoleculeScreenshots.swift; sourceTree = "<group>"; };
		DA5F65002705B1520032AE1C /* OrganismScreenshots.swift */ = {isa = PBXFileReference; lastKnownFileType = sourcecode.swift; path = OrganismScreenshots.swift; sourceTree = "<group>"; };
		DA5F65022705F0E40032AE1C /* ColourScreenshots.swift */ = {isa = PBXFileReference; lastKnownFileType = sourcecode.swift; path = ColourScreenshots.swift; sourceTree = "<group>"; };
		DA5F65052705F9830032AE1C /* HTMLGenerator.swift */ = {isa = PBXFileReference; lastKnownFileType = sourcecode.swift; path = HTMLGenerator.swift; sourceTree = "<group>"; };
		DA5F65072705F9D80032AE1C /* Capture.swift */ = {isa = PBXFileReference; lastKnownFileType = sourcecode.swift; path = Capture.swift; sourceTree = "<group>"; };
		DA5F650A270604400032AE1C /* Files.swift */ = {isa = PBXFileReference; lastKnownFileType = sourcecode.swift; path = Files.swift; sourceTree = "<group>"; };
		DA99A77227045609000690D8 /* UITableView+Automation.swift */ = {isa = PBXFileReference; lastKnownFileType = sourcecode.swift; path = "UITableView+Automation.swift"; sourceTree = "<group>"; };
		DA99A775270456AC000690D8 /* UIView+Automation.swift */ = {isa = PBXFileReference; lastKnownFileType = sourcecode.swift; path = "UIView+Automation.swift"; sourceTree = "<group>"; };
/* End PBXFileReference section */

/* Begin PBXFrameworksBuildPhase section */
		6C9878C8255021B900C5F3DF /* Frameworks */ = {
			isa = PBXFrameworksBuildPhase;
			buildActionMask = 2147483647;
			files = (
				57328A0B2948D6D800E3AF19 /* UIComponents in Frameworks */,
			);
			runOnlyForDeploymentPostprocessing = 0;
		};
		DA539D182703672A00D0A45E /* Frameworks */ = {
			isa = PBXFrameworksBuildPhase;
			buildActionMask = 2147483647;
			files = (
			);
			runOnlyForDeploymentPostprocessing = 0;
		};
/* End PBXFrameworksBuildPhase section */

/* Begin PBXGroup section */
		6C9878C2255021B900C5F3DF = {
			isa = PBXGroup;
			children = (
				577A668329952B0500DFE0CD /* ios-components */,
				6C9878CD255021B900C5F3DF /* CompanionApp */,
				DA539D1C2703672A00D0A45E /* Screenshots */,
				6C9878CC255021B900C5F3DF /* Products */,
			);
			sourceTree = "<group>";
		};
		6C9878CC255021B900C5F3DF /* Products */ = {
			isa = PBXGroup;
			children = (
				6C9878CB255021B900C5F3DF /* CompanionApp.app */,
				DA539D1B2703672A00D0A45E /* Screenshots.xctest */,
			);
			name = Products;
			sourceTree = "<group>";
		};
		6C9878CD255021B900C5F3DF /* CompanionApp */ = {
			isa = PBXGroup;
			children = (
				6C9878E6255021E300C5F3DF /* Atoms */,
				6C9878EF255021E300C5F3DF /* Colours */,
				6C9878EE255021E300C5F3DF /* ExampleImages.swift */,
				6C9878F2255021E300C5F3DF /* ExampleProtocol.swift */,
				6C9878F3255021E300C5F3DF /* ExampleText.swift */,
				6C9878E3255021E300C5F3DF /* Models */,
				6C9878E9255021E300C5F3DF /* Molecules */,
				6C9878EB255021E300C5F3DF /* Organisms */,
				6C9878CE255021B900C5F3DF /* AppDelegate.swift */,
				6C9878D0255021B900C5F3DF /* SceneDelegate.swift */,
				6C9878D4255021B900C5F3DF /* Main.storyboard */,
				6C9878D7255021BA00C5F3DF /* Assets.xcassets */,
				6C9878D9255021BA00C5F3DF /* LaunchScreen.storyboard */,
				6C9878DC255021BA00C5F3DF /* Info.plist */,
			);
			path = CompanionApp;
			sourceTree = "<group>";
		};
		6C9878E3255021E300C5F3DF /* Models */ = {
			isa = PBXGroup;
			children = (
				6C9878E4255021E300C5F3DF /* ExamplableMolecules.swift */,
				6C9878E5255021E300C5F3DF /* ExamplableOrganisms.swift */,
			);
			path = Models;
			sourceTree = "<group>";
		};
		6C9878E6255021E300C5F3DF /* Atoms */ = {
			isa = PBXGroup;
			children = (
				6C9878E7255021E300C5F3DF /* AtomGroupViewController.swift */,
				6C9878E8255021E300C5F3DF /* AtomsViewController.swift */,
			);
			path = Atoms;
			sourceTree = "<group>";
		};
		6C9878E9255021E300C5F3DF /* Molecules */ = {
			isa = PBXGroup;
			children = (
				6C9878EA255021E300C5F3DF /* MoleculesViewController.swift */,
			);
			path = Molecules;
			sourceTree = "<group>";
		};
		6C9878EB255021E300C5F3DF /* Organisms */ = {
			isa = PBXGroup;
			children = (
				6C9878EC255021E300C5F3DF /* SingleComponentViewController.swift */,
				6C9878ED255021E300C5F3DF /* OrganismsViewController.swift */,
			);
			path = Organisms;
			sourceTree = "<group>";
		};
		6C9878EF255021E300C5F3DF /* Colours */ = {
			isa = PBXGroup;
			children = (
				6C9878F0255021E300C5F3DF /* ColoursViewController.swift */,
				6C9878F1255021E300C5F3DF /* ColourView.swift */,
			);
			path = Colours;
			sourceTree = "<group>";
		};
		DA539D1C2703672A00D0A45E /* Screenshots */ = {
			isa = PBXGroup;
			children = (
				DA5F65002705B1520032AE1C /* OrganismScreenshots.swift */,
				DA5F64FE2704C5F20032AE1C /* MoleculeScreenshots.swift */,
				DA539D1D2703672A00D0A45E /* AtomScreenshots.swift */,
				DA5F65022705F0E40032AE1C /* ColourScreenshots.swift */,
				DA99A77427045610000690D8 /* Common */,
				DA5F65042705F94E0032AE1C /* HTML */,
				DA5F6509270604260032AE1C /* Vendor */,
				DA539D1F2703672A00D0A45E /* Info.plist */,
			);
			path = Screenshots;
			sourceTree = "<group>";
		};
		DA5F65042705F94E0032AE1C /* HTML */ = {
			isa = PBXGroup;
			children = (
				DA5F65072705F9D80032AE1C /* Capture.swift */,
				DA5F65052705F9830032AE1C /* HTMLGenerator.swift */,
			);
			path = HTML;
			sourceTree = "<group>";
		};
		DA5F6509270604260032AE1C /* Vendor */ = {
			isa = PBXGroup;
			children = (
				DA5F650A270604400032AE1C /* Files.swift */,
			);
			path = Vendor;
			sourceTree = "<group>";
		};
		DA99A77427045610000690D8 /* Common */ = {
			isa = PBXGroup;
			children = (
				DA539D25270367EF00D0A45E /* ViewControllerTestCase.swift */,
				DA539D272703683700D0A45E /* XCTestCase+Automation.swift */,
				DA99A77227045609000690D8 /* UITableView+Automation.swift */,
				DA99A775270456AC000690D8 /* UIView+Automation.swift */,
				DA5F64FC2704B1F70032AE1C /* UIScrollView+Automation.swift */,
				DA5F64FA2704ADFD0032AE1C /* ScreenCapture.swift */,
			);
			path = Common;
			sourceTree = "<group>";
		};
/* End PBXGroup section */

/* Begin PBXNativeTarget section */
		6C9878CA255021B900C5F3DF /* CompanionApp */ = {
			isa = PBXNativeTarget;
			buildConfigurationList = 6C9878DF255021BA00C5F3DF /* Build configuration list for PBXNativeTarget "CompanionApp" */;
			buildPhases = (
				6C9878C7255021B900C5F3DF /* Sources */,
				6C9878C8255021B900C5F3DF /* Frameworks */,
				6C9878C9255021B900C5F3DF /* Resources */,
			);
			buildRules = (
			);
			dependencies = (
			);
			name = CompanionApp;
			packageProductDependencies = (
				57328A0A2948D6D800E3AF19 /* UIComponents */,
			);
			productName = CompanionApp;
			productReference = 6C9878CB255021B900C5F3DF /* CompanionApp.app */;
			productType = "com.apple.product-type.application";
		};
		DA539D1A2703672A00D0A45E /* Screenshots */ = {
			isa = PBXNativeTarget;
			buildConfigurationList = DA539D222703672A00D0A45E /* Build configuration list for PBXNativeTarget "Screenshots" */;
			buildPhases = (
				DA539D172703672A00D0A45E /* Sources */,
				DA539D182703672A00D0A45E /* Frameworks */,
				DA539D192703672A00D0A45E /* Resources */,
			);
			buildRules = (
			);
			dependencies = (
				DA539D212703672A00D0A45E /* PBXTargetDependency */,
			);
			name = Screenshots;
			productName = Screenshots;
			productReference = DA539D1B2703672A00D0A45E /* Screenshots.xctest */;
			productType = "com.apple.product-type.bundle.unit-test";
		};
/* End PBXNativeTarget section */

/* Begin PBXProject section */
		6C9878C3255021B900C5F3DF /* Project object */ = {
			isa = PBXProject;
			attributes = {
				LastSwiftUpdateCheck = 1250;
				LastUpgradeCheck = 1200;
				TargetAttributes = {
					6C9878CA255021B900C5F3DF = {
						CreatedOnToolsVersion = 12.0;
					};
					DA539D1A2703672A00D0A45E = {
						CreatedOnToolsVersion = 12.5.1;
						TestTargetID = 6C9878CA255021B900C5F3DF;
					};
				};
			};
			buildConfigurationList = 6C9878C6255021B900C5F3DF /* Build configuration list for PBXProject "CompanionApp" */;
			compatibilityVersion = "Xcode 9.3";
			developmentRegion = en;
			hasScannedForEncodings = 0;
			knownRegions = (
				en,
				Base,
			);
			mainGroup = 6C9878C2255021B900C5F3DF;
			packageReferences = (
				57328A092948D6D800E3AF19 /* XCRemoteSwiftPackageReference "ios-components" */,
			);
			productRefGroup = 6C9878CC255021B900C5F3DF /* Products */;
			projectDirPath = "";
			projectRoot = "";
			targets = (
				6C9878CA255021B900C5F3DF /* CompanionApp */,
				DA539D1A2703672A00D0A45E /* Screenshots */,
			);
		};
/* End PBXProject section */

/* Begin PBXResourcesBuildPhase section */
		6C9878C9255021B900C5F3DF /* Resources */ = {
			isa = PBXResourcesBuildPhase;
			buildActionMask = 2147483647;
			files = (
				6C9878DB255021BA00C5F3DF /* LaunchScreen.storyboard in Resources */,
				6C9878D8255021BA00C5F3DF /* Assets.xcassets in Resources */,
				6C9878D6255021B900C5F3DF /* Main.storyboard in Resources */,
			);
			runOnlyForDeploymentPostprocessing = 0;
		};
		DA539D192703672A00D0A45E /* Resources */ = {
			isa = PBXResourcesBuildPhase;
			buildActionMask = 2147483647;
			files = (
			);
			runOnlyForDeploymentPostprocessing = 0;
		};
/* End PBXResourcesBuildPhase section */

/* Begin PBXSourcesBuildPhase section */
		6C9878C7255021B900C5F3DF /* Sources */ = {
			isa = PBXSourcesBuildPhase;
			buildActionMask = 2147483647;
			files = (
				6C9878FE255021E300C5F3DF /* ExampleProtocol.swift in Sources */,
				6C9878FF255021E300C5F3DF /* ExampleText.swift in Sources */,
				6C9878F8255021E300C5F3DF /* MoleculesViewController.swift in Sources */,
				6C9878F9255021E300C5F3DF /* SingleComponentViewController.swift in Sources */,
				6C9878F4255021E300C5F3DF /* ExamplableMolecules.swift in Sources */,
				6C9878FB255021E300C5F3DF /* ExampleImages.swift in Sources */,
				6C9878FC255021E300C5F3DF /* ColoursViewController.swift in Sources */,
				6C9878FD255021E300C5F3DF /* ColourView.swift in Sources */,
				6C9878F7255021E300C5F3DF /* AtomsViewController.swift in Sources */,
				6C9878CF255021B900C5F3DF /* AppDelegate.swift in Sources */,
				6C9878F5255021E300C5F3DF /* ExamplableOrganisms.swift in Sources */,
				6C9878D1255021B900C5F3DF /* SceneDelegate.swift in Sources */,
				6C9878FA255021E300C5F3DF /* OrganismsViewController.swift in Sources */,
				6C9878F6255021E300C5F3DF /* AtomGroupViewController.swift in Sources */,
			);
			runOnlyForDeploymentPostprocessing = 0;
		};
		DA539D172703672A00D0A45E /* Sources */ = {
			isa = PBXSourcesBuildPhase;
			buildActionMask = 2147483647;
			files = (
				DA5F65082705F9D80032AE1C /* Capture.swift in Sources */,
				DA99A77327045609000690D8 /* UITableView+Automation.swift in Sources */,
				DA539D26270367EF00D0A45E /* ViewControllerTestCase.swift in Sources */,
				DA539D282703683700D0A45E /* XCTestCase+Automation.swift in Sources */,
				DA5F65012705B1520032AE1C /* OrganismScreenshots.swift in Sources */,
				DA5F65062705F9830032AE1C /* HTMLGenerator.swift in Sources */,
				DA5F64FF2704C5F20032AE1C /* MoleculeScreenshots.swift in Sources */,
				DA539D1E2703672A00D0A45E /* AtomScreenshots.swift in Sources */,
				DA5F64FB2704ADFD0032AE1C /* ScreenCapture.swift in Sources */,
				DA5F65032705F0E40032AE1C /* ColourScreenshots.swift in Sources */,
				DA5F650B270604400032AE1C /* Files.swift in Sources */,
				DA99A776270456AC000690D8 /* UIView+Automation.swift in Sources */,
				DA5F64FD2704B1F70032AE1C /* UIScrollView+Automation.swift in Sources */,
			);
			runOnlyForDeploymentPostprocessing = 0;
		};
/* End PBXSourcesBuildPhase section */

/* Begin PBXTargetDependency section */
		DA539D212703672A00D0A45E /* PBXTargetDependency */ = {
			isa = PBXTargetDependency;
			target = 6C9878CA255021B900C5F3DF /* CompanionApp */;
			targetProxy = DA539D202703672A00D0A45E /* PBXContainerItemProxy */;
		};
/* End PBXTargetDependency section */

/* Begin PBXVariantGroup section */
		6C9878D4255021B900C5F3DF /* Main.storyboard */ = {
			isa = PBXVariantGroup;
			children = (
				6C9878D5255021B900C5F3DF /* Base */,
			);
			name = Main.storyboard;
			sourceTree = "<group>";
		};
		6C9878D9255021BA00C5F3DF /* LaunchScreen.storyboard */ = {
			isa = PBXVariantGroup;
			children = (
				6C9878DA255021BA00C5F3DF /* Base */,
			);
			name = LaunchScreen.storyboard;
			sourceTree = "<group>";
		};
/* End PBXVariantGroup section */

/* Begin XCBuildConfiguration section */
		6C9878DD255021BA00C5F3DF /* Debug */ = {
			isa = XCBuildConfiguration;
			buildSettings = {
				ALWAYS_SEARCH_USER_PATHS = NO;
				CLANG_ANALYZER_NONNULL = YES;
				CLANG_ANALYZER_NUMBER_OBJECT_CONVERSION = YES_AGGRESSIVE;
				CLANG_CXX_LANGUAGE_STANDARD = "gnu++14";
				CLANG_CXX_LIBRARY = "libc++";
				CLANG_ENABLE_MODULES = YES;
				CLANG_ENABLE_OBJC_ARC = YES;
				CLANG_ENABLE_OBJC_WEAK = YES;
				CLANG_WARN_BLOCK_CAPTURE_AUTORELEASING = YES;
				CLANG_WARN_BOOL_CONVERSION = YES;
				CLANG_WARN_COMMA = YES;
				CLANG_WARN_CONSTANT_CONVERSION = YES;
				CLANG_WARN_DEPRECATED_OBJC_IMPLEMENTATIONS = YES;
				CLANG_WARN_DIRECT_OBJC_ISA_USAGE = YES_ERROR;
				CLANG_WARN_DOCUMENTATION_COMMENTS = YES;
				CLANG_WARN_EMPTY_BODY = YES;
				CLANG_WARN_ENUM_CONVERSION = YES;
				CLANG_WARN_INFINITE_RECURSION = YES;
				CLANG_WARN_INT_CONVERSION = YES;
				CLANG_WARN_NON_LITERAL_NULL_CONVERSION = YES;
				CLANG_WARN_OBJC_IMPLICIT_RETAIN_SELF = YES;
				CLANG_WARN_OBJC_LITERAL_CONVERSION = YES;
				CLANG_WARN_OBJC_ROOT_CLASS = YES_ERROR;
				CLANG_WARN_QUOTED_INCLUDE_IN_FRAMEWORK_HEADER = YES;
				CLANG_WARN_RANGE_LOOP_ANALYSIS = YES;
				CLANG_WARN_STRICT_PROTOTYPES = YES;
				CLANG_WARN_SUSPICIOUS_MOVE = YES;
				CLANG_WARN_UNGUARDED_AVAILABILITY = YES_AGGRESSIVE;
				CLANG_WARN_UNREACHABLE_CODE = YES;
				CLANG_WARN__DUPLICATE_METHOD_MATCH = YES;
				COPY_PHASE_STRIP = NO;
				DEBUG_INFORMATION_FORMAT = dwarf;
				ENABLE_STRICT_OBJC_MSGSEND = YES;
				ENABLE_TESTABILITY = YES;
				GCC_C_LANGUAGE_STANDARD = gnu11;
				GCC_DYNAMIC_NO_PIC = NO;
				GCC_NO_COMMON_BLOCKS = YES;
				GCC_OPTIMIZATION_LEVEL = 0;
				GCC_PREPROCESSOR_DEFINITIONS = (
					"DEBUG=1",
					"$(inherited)",
				);
				GCC_WARN_64_TO_32_BIT_CONVERSION = YES;
				GCC_WARN_ABOUT_RETURN_TYPE = YES_ERROR;
				GCC_WARN_UNDECLARED_SELECTOR = YES;
				GCC_WARN_UNINITIALIZED_AUTOS = YES_AGGRESSIVE;
				GCC_WARN_UNUSED_FUNCTION = YES;
				GCC_WARN_UNUSED_VARIABLE = YES;
				IPHONEOS_DEPLOYMENT_TARGET = 13.0;
				MTL_ENABLE_DEBUG_INFO = INCLUDE_SOURCE;
				MTL_FAST_MATH = YES;
				ONLY_ACTIVE_ARCH = YES;
				SDKROOT = iphoneos;
				SWIFT_ACTIVE_COMPILATION_CONDITIONS = DEBUG;
				SWIFT_OPTIMIZATION_LEVEL = "-Onone";
			};
			name = Debug;
		};
		6C9878DE255021BA00C5F3DF /* Release */ = {
			isa = XCBuildConfiguration;
			buildSettings = {
				ALWAYS_SEARCH_USER_PATHS = NO;
				CLANG_ANALYZER_NONNULL = YES;
				CLANG_ANALYZER_NUMBER_OBJECT_CONVERSION = YES_AGGRESSIVE;
				CLANG_CXX_LANGUAGE_STANDARD = "gnu++14";
				CLANG_CXX_LIBRARY = "libc++";
				CLANG_ENABLE_MODULES = YES;
				CLANG_ENABLE_OBJC_ARC = YES;
				CLANG_ENABLE_OBJC_WEAK = YES;
				CLANG_WARN_BLOCK_CAPTURE_AUTORELEASING = YES;
				CLANG_WARN_BOOL_CONVERSION = YES;
				CLANG_WARN_COMMA = YES;
				CLANG_WARN_CONSTANT_CONVERSION = YES;
				CLANG_WARN_DEPRECATED_OBJC_IMPLEMENTATIONS = YES;
				CLANG_WARN_DIRECT_OBJC_ISA_USAGE = YES_ERROR;
				CLANG_WARN_DOCUMENTATION_COMMENTS = YES;
				CLANG_WARN_EMPTY_BODY = YES;
				CLANG_WARN_ENUM_CONVERSION = YES;
				CLANG_WARN_INFINITE_RECURSION = YES;
				CLANG_WARN_INT_CONVERSION = YES;
				CLANG_WARN_NON_LITERAL_NULL_CONVERSION = YES;
				CLANG_WARN_OBJC_IMPLICIT_RETAIN_SELF = YES;
				CLANG_WARN_OBJC_LITERAL_CONVERSION = YES;
				CLANG_WARN_OBJC_ROOT_CLASS = YES_ERROR;
				CLANG_WARN_QUOTED_INCLUDE_IN_FRAMEWORK_HEADER = YES;
				CLANG_WARN_RANGE_LOOP_ANALYSIS = YES;
				CLANG_WARN_STRICT_PROTOTYPES = YES;
				CLANG_WARN_SUSPICIOUS_MOVE = YES;
				CLANG_WARN_UNGUARDED_AVAILABILITY = YES_AGGRESSIVE;
				CLANG_WARN_UNREACHABLE_CODE = YES;
				CLANG_WARN__DUPLICATE_METHOD_MATCH = YES;
				COPY_PHASE_STRIP = NO;
				DEBUG_INFORMATION_FORMAT = "dwarf-with-dsym";
				ENABLE_NS_ASSERTIONS = NO;
				ENABLE_STRICT_OBJC_MSGSEND = YES;
				GCC_C_LANGUAGE_STANDARD = gnu11;
				GCC_NO_COMMON_BLOCKS = YES;
				GCC_WARN_64_TO_32_BIT_CONVERSION = YES;
				GCC_WARN_ABOUT_RETURN_TYPE = YES_ERROR;
				GCC_WARN_UNDECLARED_SELECTOR = YES;
				GCC_WARN_UNINITIALIZED_AUTOS = YES_AGGRESSIVE;
				GCC_WARN_UNUSED_FUNCTION = YES;
				GCC_WARN_UNUSED_VARIABLE = YES;
				IPHONEOS_DEPLOYMENT_TARGET = 13.0;
				MTL_ENABLE_DEBUG_INFO = NO;
				MTL_FAST_MATH = YES;
				SDKROOT = iphoneos;
				SWIFT_COMPILATION_MODE = wholemodule;
				SWIFT_OPTIMIZATION_LEVEL = "-O";
				VALIDATE_PRODUCT = YES;
			};
			name = Release;
		};
		6C9878E0255021BA00C5F3DF /* Debug */ = {
			isa = XCBuildConfiguration;
			buildSettings = {
				ASSETCATALOG_COMPILER_APPICON_NAME = AppIcon;
				ASSETCATALOG_COMPILER_GLOBAL_ACCENT_COLOR_NAME = AccentColor;
				CODE_SIGN_IDENTITY = "Apple Development: NGCMobile Cert (Y5Y97FT8YY)";
				CODE_SIGN_STYLE = Manual;
				DEVELOPMENT_TEAM = 4LL5YKZZU7;
				INFOPLIST_FILE = CompanionApp/Info.plist;
				IPHONEOS_DEPLOYMENT_TARGET = 13.0;
				LD_RUNPATH_SEARCH_PATHS = (
					"$(inherited)",
					"@executable_path/Frameworks",
				);
				PRODUCT_BUNDLE_IDENTIFIER = uk.gov.hmrc.ngc.UIComponentsTestApp;
				PRODUCT_NAME = "$(TARGET_NAME)";
				PROVISIONING_PROFILE_SPECIFIER = "match Development uk.gov.hmrc.ngc.UIComponentsTestApp";
				SWIFT_VERSION = 5.0;
				TARGETED_DEVICE_FAMILY = "1,2";
			};
			name = Debug;
		};
		6C9878E1255021BA00C5F3DF /* Release */ = {
			isa = XCBuildConfiguration;
			buildSettings = {
				ASSETCATALOG_COMPILER_APPICON_NAME = AppIcon;
				ASSETCATALOG_COMPILER_GLOBAL_ACCENT_COLOR_NAME = AccentColor;
				CODE_SIGN_IDENTITY = "iPhone Distribution";
				CODE_SIGN_STYLE = Manual;
				DEVELOPMENT_TEAM = 4LL5YKZZU7;
				INFOPLIST_FILE = CompanionApp/Info.plist;
				IPHONEOS_DEPLOYMENT_TARGET = 13.0;
				LD_RUNPATH_SEARCH_PATHS = (
					"$(inherited)",
					"@executable_path/Frameworks",
				);
				PRODUCT_BUNDLE_IDENTIFIER = uk.gov.hmrc.ngc.UIComponentsTestApp;
				PRODUCT_NAME = "$(TARGET_NAME)";
				PROVISIONING_PROFILE_SPECIFIER = "match AdHoc uk.gov.hmrc.ngc.UIComponentsTestApp";
				SWIFT_VERSION = 5.0;
				TARGETED_DEVICE_FAMILY = "1,2";
			};
			name = Release;
		};
		DA539D232703672A00D0A45E /* Debug */ = {
			isa = XCBuildConfiguration;
			buildSettings = {
				BUNDLE_LOADER = "$(TEST_HOST)";
				CODE_SIGN_STYLE = Automatic;
				DEVELOPMENT_TEAM = 5MVZ98458N;
				INFOPLIST_FILE = Screenshots/Info.plist;
				IPHONEOS_DEPLOYMENT_TARGET = 13.0;
				LD_RUNPATH_SEARCH_PATHS = (
					"$(inherited)",
					"@executable_path/Frameworks",
					"@loader_path/Frameworks",
				);
				PRODUCT_BUNDLE_IDENTIFIER = com.appzoom.Screenshots;
				PRODUCT_NAME = "$(TARGET_NAME)";
				SWIFT_VERSION = 5.0;
				TARGETED_DEVICE_FAMILY = "1,2";
				TEST_HOST = "$(BUILT_PRODUCTS_DIR)/CompanionApp.app/CompanionApp";
			};
			name = Debug;
		};
		DA539D242703672A00D0A45E /* Release */ = {
			isa = XCBuildConfiguration;
			buildSettings = {
				BUNDLE_LOADER = "$(TEST_HOST)";
				CODE_SIGN_STYLE = Automatic;
				DEVELOPMENT_TEAM = 5MVZ98458N;
				INFOPLIST_FILE = Screenshots/Info.plist;
				IPHONEOS_DEPLOYMENT_TARGET = 13.0;
				LD_RUNPATH_SEARCH_PATHS = (
					"$(inherited)",
					"@executable_path/Frameworks",
					"@loader_path/Frameworks",
				);
				PRODUCT_BUNDLE_IDENTIFIER = com.appzoom.Screenshots;
				PRODUCT_NAME = "$(TARGET_NAME)";
				SWIFT_VERSION = 5.0;
				TARGETED_DEVICE_FAMILY = "1,2";
				TEST_HOST = "$(BUILT_PRODUCTS_DIR)/CompanionApp.app/CompanionApp";
			};
			name = Release;
		};
/* End XCBuildConfiguration section */

/* Begin XCConfigurationList section */
		6C9878C6255021B900C5F3DF /* Build configuration list for PBXProject "CompanionApp" */ = {
			isa = XCConfigurationList;
			buildConfigurations = (
				6C9878DD255021BA00C5F3DF /* Debug */,
				6C9878DE255021BA00C5F3DF /* Release */,
			);
			defaultConfigurationIsVisible = 0;
			defaultConfigurationName = Release;
		};
		6C9878DF255021BA00C5F3DF /* Build configuration list for PBXNativeTarget "CompanionApp" */ = {
			isa = XCConfigurationList;
			buildConfigurations = (
				6C9878E0255021BA00C5F3DF /* Debug */,
				6C9878E1255021BA00C5F3DF /* Release */,
			);
			defaultConfigurationIsVisible = 0;
			defaultConfigurationName = Release;
		};
		DA539D222703672A00D0A45E /* Build configuration list for PBXNativeTarget "Screenshots" */ = {
			isa = XCConfigurationList;
			buildConfigurations = (
				DA539D232703672A00D0A45E /* Debug */,
				DA539D242703672A00D0A45E /* Release */,
			);
			defaultConfigurationIsVisible = 0;
			defaultConfigurationName = Release;
		};
/* End XCConfigurationList section */

/* Begin XCRemoteSwiftPackageReference section */
		57328A092948D6D800E3AF19 /* XCRemoteSwiftPackageReference "ios-components" */ = {
			isa = XCRemoteSwiftPackageReference;
			repositoryURL = "https://github.com/hmrc/ios-components.git";
			requirement = {
				kind = upToNextMajorVersion;
				minimumVersion = 7.1.3;
			};
		};
/* End XCRemoteSwiftPackageReference section */

/* Begin XCSwiftPackageProductDependency section */
		57328A0A2948D6D800E3AF19 /* UIComponents */ = {
			isa = XCSwiftPackageProductDependency;
			package = 57328A092948D6D800E3AF19 /* XCRemoteSwiftPackageReference "ios-components" */;
			productName = UIComponents;
		};
/* End XCSwiftPackageProductDependency section */
	};
	rootObject = 6C9878C3255021B900C5F3DF /* Project object */;
}
