// !$*UTF8*$!
{
	archiveVersion = 1;
	classes = {
	};
	objectVersion = 46;
	objects = {

/* Begin PBXBuildFile section */
		OBJ_224 /* BulletLabelView.swift in Sources */ = {isa = PBXBuildFile; fileRef = OBJ_12 /* BulletLabelView.swift */; };
		OBJ_225 /* FlexibleButton.swift in Sources */ = {isa = PBXBuildFile; fileRef = OBJ_13 /* FlexibleButton.swift */; };
		OBJ_226 /* NSAttributedString+HMRCStylable.swift in Sources */ = {isa = PBXBuildFile; fileRef = OBJ_14 /* NSAttributedString+HMRCStylable.swift */; };
		OBJ_227 /* SeparatorView.swift in Sources */ = {isa = PBXBuildFile; fileRef = OBJ_15 /* SeparatorView.swift */; };
		OBJ_228 /* UIButton+ComponentBlock.swift in Sources */ = {isa = PBXBuildFile; fileRef = OBJ_16 /* UIButton+ComponentBlock.swift */; };
		OBJ_229 /* UIButton+HMRCStylable.swift in Sources */ = {isa = PBXBuildFile; fileRef = OBJ_17 /* UIButton+HMRCStylable.swift */; };
		OBJ_230 /* UILabel+HMRCStylable.swift in Sources */ = {isa = PBXBuildFile; fileRef = OBJ_18 /* UILabel+HMRCStylable.swift */; };
		OBJ_231 /* UIView+HMRCStylable.swift in Sources */ = {isa = PBXBuildFile; fileRef = OBJ_19 /* UIView+HMRCStylable.swift */; };
		OBJ_232 /* ComponentsInfo.swift in Sources */ = {isa = PBXBuildFile; fileRef = OBJ_20 /* ComponentsInfo.swift */; };
		OBJ_233 /* ContainerView.swift in Sources */ = {isa = PBXBuildFile; fileRef = OBJ_22 /* ContainerView.swift */; };
		OBJ_234 /* ContentSizeChangeable.swift in Sources */ = {isa = PBXBuildFile; fileRef = OBJ_24 /* ContentSizeChangeable.swift */; };
		OBJ_235 /* DebugOverlayableView.swift in Sources */ = {isa = PBXBuildFile; fileRef = OBJ_25 /* DebugOverlayableView.swift */; };
		OBJ_236 /* HMRCStyle.swift in Sources */ = {isa = PBXBuildFile; fileRef = OBJ_26 /* HMRCStyle.swift */; };
		OBJ_237 /* TouchPassThroughView.swift in Sources */ = {isa = PBXBuildFile; fileRef = OBJ_27 /* TouchPassThroughView.swift */; };
		OBJ_238 /* DisplaysValidationError.swift in Sources */ = {isa = PBXBuildFile; fileRef = OBJ_28 /* DisplaysValidationError.swift */; };
		OBJ_239 /* Bundle+Resource.swift in Sources */ = {isa = PBXBuildFile; fileRef = OBJ_30 /* Bundle+Resource.swift */; };
		OBJ_240 /* String+Currency.swift in Sources */ = {isa = PBXBuildFile; fileRef = OBJ_31 /* String+Currency.swift */; };
		OBJ_241 /* String+Paragraphs.swift in Sources */ = {isa = PBXBuildFile; fileRef = OBJ_32 /* String+Paragraphs.swift */; };
		OBJ_242 /* UIColor+Hex.swift in Sources */ = {isa = PBXBuildFile; fileRef = OBJ_33 /* UIColor+Hex.swift */; };
		OBJ_243 /* CGFloat+Spacer.swift in Sources */ = {isa = PBXBuildFile; fileRef = OBJ_35 /* CGFloat+Spacer.swift */; };
		OBJ_244 /* FontMetrics.swift in Sources */ = {isa = PBXBuildFile; fileRef = OBJ_36 /* FontMetrics.swift */; };
		OBJ_245 /* IconButtonWithDisclosure.swift in Sources */ = {isa = PBXBuildFile; fileRef = OBJ_37 /* IconButtonWithDisclosure.swift */; };
		OBJ_246 /* InsetLabel.swift in Sources */ = {isa = PBXBuildFile; fileRef = OBJ_38 /* InsetLabel.swift */; };
		OBJ_247 /* MiscHelpers.swift in Sources */ = {isa = PBXBuildFile; fileRef = OBJ_39 /* MiscHelpers.swift */; };
		OBJ_248 /* NSAttributedString+Alignment.swift in Sources */ = {isa = PBXBuildFile; fileRef = OBJ_40 /* NSAttributedString+Alignment.swift */; };
		OBJ_249 /* Option.swift in Sources */ = {isa = PBXBuildFile; fileRef = OBJ_41 /* Option.swift */; };
		OBJ_250 /* String+Accessibility.swift in Sources */ = {isa = PBXBuildFile; fileRef = OBJ_42 /* String+Accessibility.swift */; };
		OBJ_251 /* TransparentButton.swift in Sources */ = {isa = PBXBuildFile; fileRef = OBJ_43 /* TransparentButton.swift */; };
		OBJ_252 /* UIColor+Components.swift in Sources */ = {isa = PBXBuildFile; fileRef = OBJ_44 /* UIColor+Components.swift */; };
		OBJ_253 /* UIEdgeInsets+HMRC.swift in Sources */ = {isa = PBXBuildFile; fileRef = OBJ_45 /* UIEdgeInsets+HMRC.swift */; };
		OBJ_254 /* UIFont+HMRC.swift in Sources */ = {isa = PBXBuildFile; fileRef = OBJ_46 /* UIFont+HMRC.swift */; };
		OBJ_255 /* UIImage+Color.swift in Sources */ = {isa = PBXBuildFile; fileRef = OBJ_47 /* UIImage+Color.swift */; };
		OBJ_256 /* UILabel+Copyable.swift in Sources */ = {isa = PBXBuildFile; fileRef = OBJ_48 /* UILabel+Copyable.swift */; };
		OBJ_257 /* UILabel+Sizing.swift in Sources */ = {isa = PBXBuildFile; fileRef = OBJ_49 /* UILabel+Sizing.swift */; };
		OBJ_258 /* UIStackView+AddArrangedSubviews.swift in Sources */ = {isa = PBXBuildFile; fileRef = OBJ_50 /* UIStackView+AddArrangedSubviews.swift */; };
		OBJ_259 /* UIView+Build.swift in Sources */ = {isa = PBXBuildFile; fileRef = OBJ_51 /* UIView+Build.swift */; };
		OBJ_260 /* UIView+Constraints.swift in Sources */ = {isa = PBXBuildFile; fileRef = OBJ_52 /* UIView+Constraints.swift */; };
		OBJ_261 /* ViewWithCustomDisclosure.swift in Sources */ = {isa = PBXBuildFile; fileRef = OBJ_53 /* ViewWithCustomDisclosure.swift */; };
		OBJ_262 /* BoldTitleBodyView.swift in Sources */ = {isa = PBXBuildFile; fileRef = OBJ_55 /* BoldTitleBodyView.swift */; };
		OBJ_263 /* CurrencyInputView.swift in Sources */ = {isa = PBXBuildFile; fileRef = OBJ_56 /* CurrencyInputView.swift */; };
		OBJ_264 /* H4TitleBodyView.swift in Sources */ = {isa = PBXBuildFile; fileRef = OBJ_57 /* H4TitleBodyView.swift */; };
		OBJ_265 /* H5TitleBodyView.swift in Sources */ = {isa = PBXBuildFile; fileRef = OBJ_58 /* H5TitleBodyView.swift */; };
		OBJ_266 /* IconButtonView.swift in Sources */ = {isa = PBXBuildFile; fileRef = OBJ_59 /* IconButtonView.swift */; };
		OBJ_267 /* InsetView.swift in Sources */ = {isa = PBXBuildFile; fileRef = OBJ_60 /* InsetView.swift */; };
		OBJ_268 /* MultiColumnRowView.swift in Sources */ = {isa = PBXBuildFile; fileRef = OBJ_61 /* MultiColumnRowView.swift */; };
		OBJ_269 /* SelectRowGroupView.swift in Sources */ = {isa = PBXBuildFile; fileRef = OBJ_62 /* SelectRowGroupView.swift */; };
		OBJ_270 /* SelectRowView.swift in Sources */ = {isa = PBXBuildFile; fileRef = OBJ_63 /* SelectRowView.swift */; };
		OBJ_271 /* StatusView.swift in Sources */ = {isa = PBXBuildFile; fileRef = OBJ_64 /* StatusView.swift */; };
		OBJ_272 /* SwitchRowView.swift in Sources */ = {isa = PBXBuildFile; fileRef = OBJ_65 /* SwitchRowView.swift */; };
		OBJ_273 /* TabBarView.swift in Sources */ = {isa = PBXBuildFile; fileRef = OBJ_66 /* TabBarView.swift */; };
		OBJ_274 /* TextInputView.swift in Sources */ = {isa = PBXBuildFile; fileRef = OBJ_67 /* TextInputView.swift */; };
		OBJ_275 /* TitleBodyView.swift in Sources */ = {isa = PBXBuildFile; fileRef = OBJ_68 /* TitleBodyView.swift */; };
		OBJ_276 /* WarningView.swift in Sources */ = {isa = PBXBuildFile; fileRef = OBJ_69 /* WarningView.swift */; };
		OBJ_277 /* CardView.swift in Sources */ = {isa = PBXBuildFile; fileRef = OBJ_71 /* CardView.swift */; };
		OBJ_278 /* ExpandingRowComponent.swift in Sources */ = {isa = PBXBuildFile; fileRef = OBJ_72 /* ExpandingRowComponent.swift */; };
		OBJ_279 /* HeadlineCardView.swift in Sources */ = {isa = PBXBuildFile; fileRef = OBJ_74 /* HeadlineCardView.swift */; };
		OBJ_280 /* IconButtonCardView.swift in Sources */ = {isa = PBXBuildFile; fileRef = OBJ_75 /* IconButtonCardView.swift */; };
		OBJ_281 /* InformationMessage.swift in Sources */ = {isa = PBXBuildFile; fileRef = OBJ_77 /* InformationMessage.swift */; };
		OBJ_282 /* InformationMessageModel.swift in Sources */ = {isa = PBXBuildFile; fileRef = OBJ_78 /* InformationMessageModel.swift */; };
		OBJ_283 /* PageHeaderCardView.swift in Sources */ = {isa = PBXBuildFile; fileRef = OBJ_80 /* PageHeaderCardView.swift */; };
		OBJ_284 /* PrimaryCardView.swift in Sources */ = {isa = PBXBuildFile; fileRef = OBJ_82 /* PrimaryCardView.swift */; };
		OBJ_285 /* StatusButtonCardView.swift in Sources */ = {isa = PBXBuildFile; fileRef = OBJ_84 /* StatusButtonCardView.swift */; };
		OBJ_286 /* StatusCardView.swift in Sources */ = {isa = PBXBuildFile; fileRef = OBJ_85 /* StatusCardView.swift */; };
		OBJ_287 /* SummaryRowView.swift in Sources */ = {isa = PBXBuildFile; fileRef = OBJ_86 /* SummaryRowView.swift */; };
		OBJ_289 /* SnapKit.framework in Frameworks */ = {isa = PBXBuildFile; fileRef = "SnapKit::SnapKit::Product" /* SnapKit.framework */; };
		OBJ_296 /* Constraint.swift in Sources */ = {isa = PBXBuildFile; fileRef = OBJ_170 /* Constraint.swift */; };
		OBJ_297 /* ConstraintAttributes.swift in Sources */ = {isa = PBXBuildFile; fileRef = OBJ_171 /* ConstraintAttributes.swift */; };
		OBJ_298 /* ConstraintConfig.swift in Sources */ = {isa = PBXBuildFile; fileRef = OBJ_172 /* ConstraintConfig.swift */; };
		OBJ_299 /* ConstraintConstantTarget.swift in Sources */ = {isa = PBXBuildFile; fileRef = OBJ_173 /* ConstraintConstantTarget.swift */; };
		OBJ_300 /* ConstraintDSL.swift in Sources */ = {isa = PBXBuildFile; fileRef = OBJ_174 /* ConstraintDSL.swift */; };
		OBJ_301 /* ConstraintDescription.swift in Sources */ = {isa = PBXBuildFile; fileRef = OBJ_175 /* ConstraintDescription.swift */; };
		OBJ_302 /* ConstraintDirectionalInsetTarget.swift in Sources */ = {isa = PBXBuildFile; fileRef = OBJ_176 /* ConstraintDirectionalInsetTarget.swift */; };
		OBJ_303 /* ConstraintDirectionalInsets.swift in Sources */ = {isa = PBXBuildFile; fileRef = OBJ_177 /* ConstraintDirectionalInsets.swift */; };
		OBJ_304 /* ConstraintInsetTarget.swift in Sources */ = {isa = PBXBuildFile; fileRef = OBJ_178 /* ConstraintInsetTarget.swift */; };
		OBJ_305 /* ConstraintInsets.swift in Sources */ = {isa = PBXBuildFile; fileRef = OBJ_179 /* ConstraintInsets.swift */; };
		OBJ_306 /* ConstraintItem.swift in Sources */ = {isa = PBXBuildFile; fileRef = OBJ_180 /* ConstraintItem.swift */; };
		OBJ_307 /* ConstraintLayoutGuide+Extensions.swift in Sources */ = {isa = PBXBuildFile; fileRef = OBJ_181 /* ConstraintLayoutGuide+Extensions.swift */; };
		OBJ_308 /* ConstraintLayoutGuide.swift in Sources */ = {isa = PBXBuildFile; fileRef = OBJ_182 /* ConstraintLayoutGuide.swift */; };
		OBJ_309 /* ConstraintLayoutGuideDSL.swift in Sources */ = {isa = PBXBuildFile; fileRef = OBJ_183 /* ConstraintLayoutGuideDSL.swift */; };
		OBJ_310 /* ConstraintLayoutSupport.swift in Sources */ = {isa = PBXBuildFile; fileRef = OBJ_184 /* ConstraintLayoutSupport.swift */; };
		OBJ_311 /* ConstraintLayoutSupportDSL.swift in Sources */ = {isa = PBXBuildFile; fileRef = OBJ_185 /* ConstraintLayoutSupportDSL.swift */; };
		OBJ_312 /* ConstraintMaker.swift in Sources */ = {isa = PBXBuildFile; fileRef = OBJ_186 /* ConstraintMaker.swift */; };
		OBJ_313 /* ConstraintMakerEditable.swift in Sources */ = {isa = PBXBuildFile; fileRef = OBJ_187 /* ConstraintMakerEditable.swift */; };
		OBJ_314 /* ConstraintMakerExtendable.swift in Sources */ = {isa = PBXBuildFile; fileRef = OBJ_188 /* ConstraintMakerExtendable.swift */; };
		OBJ_315 /* ConstraintMakerFinalizable.swift in Sources */ = {isa = PBXBuildFile; fileRef = OBJ_189 /* ConstraintMakerFinalizable.swift */; };
		OBJ_316 /* ConstraintMakerPriortizable.swift in Sources */ = {isa = PBXBuildFile; fileRef = OBJ_190 /* ConstraintMakerPriortizable.swift */; };
		OBJ_317 /* ConstraintMakerRelatable.swift in Sources */ = {isa = PBXBuildFile; fileRef = OBJ_191 /* ConstraintMakerRelatable.swift */; };
		OBJ_318 /* ConstraintMultiplierTarget.swift in Sources */ = {isa = PBXBuildFile; fileRef = OBJ_192 /* ConstraintMultiplierTarget.swift */; };
		OBJ_319 /* ConstraintOffsetTarget.swift in Sources */ = {isa = PBXBuildFile; fileRef = OBJ_193 /* ConstraintOffsetTarget.swift */; };
		OBJ_320 /* ConstraintPriority.swift in Sources */ = {isa = PBXBuildFile; fileRef = OBJ_194 /* ConstraintPriority.swift */; };
		OBJ_321 /* ConstraintPriorityTarget.swift in Sources */ = {isa = PBXBuildFile; fileRef = OBJ_195 /* ConstraintPriorityTarget.swift */; };
		OBJ_322 /* ConstraintRelatableTarget.swift in Sources */ = {isa = PBXBuildFile; fileRef = OBJ_196 /* ConstraintRelatableTarget.swift */; };
		OBJ_323 /* ConstraintRelation.swift in Sources */ = {isa = PBXBuildFile; fileRef = OBJ_197 /* ConstraintRelation.swift */; };
		OBJ_324 /* ConstraintView+Extensions.swift in Sources */ = {isa = PBXBuildFile; fileRef = OBJ_198 /* ConstraintView+Extensions.swift */; };
		OBJ_325 /* ConstraintView.swift in Sources */ = {isa = PBXBuildFile; fileRef = OBJ_199 /* ConstraintView.swift */; };
		OBJ_326 /* ConstraintViewDSL.swift in Sources */ = {isa = PBXBuildFile; fileRef = OBJ_200 /* ConstraintViewDSL.swift */; };
		OBJ_327 /* Debugging.swift in Sources */ = {isa = PBXBuildFile; fileRef = OBJ_201 /* Debugging.swift */; };
		OBJ_328 /* LayoutConstraint.swift in Sources */ = {isa = PBXBuildFile; fileRef = OBJ_202 /* LayoutConstraint.swift */; };
		OBJ_329 /* LayoutConstraintItem.swift in Sources */ = {isa = PBXBuildFile; fileRef = OBJ_203 /* LayoutConstraintItem.swift */; };
		OBJ_330 /* Typealiases.swift in Sources */ = {isa = PBXBuildFile; fileRef = OBJ_204 /* Typealiases.swift */; };
		OBJ_331 /* UILayoutSupport+Extensions.swift in Sources */ = {isa = PBXBuildFile; fileRef = OBJ_205 /* UILayoutSupport+Extensions.swift */; };
		OBJ_338 /* Package.swift in Sources */ = {isa = PBXBuildFile; fileRef = OBJ_169 /* Package.swift */; };
		OBJ_344 /* BulletLabelView.swift in Sources */ = {isa = PBXBuildFile; fileRef = OBJ_91 /* BulletLabelView.swift */; };
		OBJ_345 /* FlexibleButton.swift in Sources */ = {isa = PBXBuildFile; fileRef = OBJ_92 /* FlexibleButton.swift */; };
		OBJ_346 /* NSAttributedString+HMRCStylable.swift in Sources */ = {isa = PBXBuildFile; fileRef = OBJ_93 /* NSAttributedString+HMRCStylable.swift */; };
		OBJ_347 /* SeparatorView.swift in Sources */ = {isa = PBXBuildFile; fileRef = OBJ_94 /* SeparatorView.swift */; };
		OBJ_348 /* UIButton+ComponentBlock.swift in Sources */ = {isa = PBXBuildFile; fileRef = OBJ_95 /* UIButton+ComponentBlock.swift */; };
		OBJ_349 /* UIButton+HMRCStylable.swift in Sources */ = {isa = PBXBuildFile; fileRef = OBJ_96 /* UIButton+HMRCStylable.swift */; };
		OBJ_350 /* UILabel+HMRCStylable.swift in Sources */ = {isa = PBXBuildFile; fileRef = OBJ_97 /* UILabel+HMRCStylable.swift */; };
		OBJ_351 /* UIView+HMRCStylable.swift in Sources */ = {isa = PBXBuildFile; fileRef = OBJ_98 /* UIView+HMRCStylable.swift */; };
		OBJ_352 /* ComponentsInfo.swift in Sources */ = {isa = PBXBuildFile; fileRef = OBJ_99 /* ComponentsInfo.swift */; };
		OBJ_353 /* ContainerView.swift in Sources */ = {isa = PBXBuildFile; fileRef = OBJ_101 /* ContainerView.swift */; };
		OBJ_354 /* ContentSizeChangeable.swift in Sources */ = {isa = PBXBuildFile; fileRef = OBJ_103 /* ContentSizeChangeable.swift */; };
		OBJ_355 /* DebugOverlayableView.swift in Sources */ = {isa = PBXBuildFile; fileRef = OBJ_104 /* DebugOverlayableView.swift */; };
		OBJ_356 /* HMRCStyle.swift in Sources */ = {isa = PBXBuildFile; fileRef = OBJ_105 /* HMRCStyle.swift */; };
		OBJ_357 /* TouchPassThroughView.swift in Sources */ = {isa = PBXBuildFile; fileRef = OBJ_106 /* TouchPassThroughView.swift */; };
		OBJ_358 /* DisplaysValidationError.swift in Sources */ = {isa = PBXBuildFile; fileRef = OBJ_107 /* DisplaysValidationError.swift */; };
		OBJ_359 /* Bundle+Resource.swift in Sources */ = {isa = PBXBuildFile; fileRef = OBJ_109 /* Bundle+Resource.swift */; };
		OBJ_360 /* String+Currency.swift in Sources */ = {isa = PBXBuildFile; fileRef = OBJ_110 /* String+Currency.swift */; };
		OBJ_361 /* String+Paragraphs.swift in Sources */ = {isa = PBXBuildFile; fileRef = OBJ_111 /* String+Paragraphs.swift */; };
		OBJ_362 /* UIColor+Hex.swift in Sources */ = {isa = PBXBuildFile; fileRef = OBJ_112 /* UIColor+Hex.swift */; };
		OBJ_363 /* CGFloat+Spacer.swift in Sources */ = {isa = PBXBuildFile; fileRef = OBJ_114 /* CGFloat+Spacer.swift */; };
		OBJ_364 /* FontMetrics.swift in Sources */ = {isa = PBXBuildFile; fileRef = OBJ_115 /* FontMetrics.swift */; };
		OBJ_365 /* IconButtonWithDisclosure.swift in Sources */ = {isa = PBXBuildFile; fileRef = OBJ_116 /* IconButtonWithDisclosure.swift */; };
		OBJ_366 /* InsetLabel.swift in Sources */ = {isa = PBXBuildFile; fileRef = OBJ_117 /* InsetLabel.swift */; };
		OBJ_367 /* MiscHelpers.swift in Sources */ = {isa = PBXBuildFile; fileRef = OBJ_118 /* MiscHelpers.swift */; };
		OBJ_368 /* NSAttributedString+Alignment.swift in Sources */ = {isa = PBXBuildFile; fileRef = OBJ_119 /* NSAttributedString+Alignment.swift */; };
		OBJ_369 /* Option.swift in Sources */ = {isa = PBXBuildFile; fileRef = OBJ_120 /* Option.swift */; };
		OBJ_370 /* String+Accessibility.swift in Sources */ = {isa = PBXBuildFile; fileRef = OBJ_121 /* String+Accessibility.swift */; };
		OBJ_371 /* TransparentButton.swift in Sources */ = {isa = PBXBuildFile; fileRef = OBJ_122 /* TransparentButton.swift */; };
		OBJ_372 /* UIColor+Components.swift in Sources */ = {isa = PBXBuildFile; fileRef = OBJ_123 /* UIColor+Components.swift */; };
		OBJ_373 /* UIEdgeInsets+HMRC.swift in Sources */ = {isa = PBXBuildFile; fileRef = OBJ_124 /* UIEdgeInsets+HMRC.swift */; };
		OBJ_374 /* UIFont+HMRC.swift in Sources */ = {isa = PBXBuildFile; fileRef = OBJ_125 /* UIFont+HMRC.swift */; };
		OBJ_375 /* UIImage+Color.swift in Sources */ = {isa = PBXBuildFile; fileRef = OBJ_126 /* UIImage+Color.swift */; };
		OBJ_376 /* UILabel+Copyable.swift in Sources */ = {isa = PBXBuildFile; fileRef = OBJ_127 /* UILabel+Copyable.swift */; };
		OBJ_377 /* UILabel+Sizing.swift in Sources */ = {isa = PBXBuildFile; fileRef = OBJ_128 /* UILabel+Sizing.swift */; };
		OBJ_378 /* UIStackView+AddArrangedSubviews.swift in Sources */ = {isa = PBXBuildFile; fileRef = OBJ_129 /* UIStackView+AddArrangedSubviews.swift */; };
		OBJ_379 /* UIView+Build.swift in Sources */ = {isa = PBXBuildFile; fileRef = OBJ_130 /* UIView+Build.swift */; };
		OBJ_380 /* UIView+Constraints.swift in Sources */ = {isa = PBXBuildFile; fileRef = OBJ_131 /* UIView+Constraints.swift */; };
		OBJ_381 /* ViewWithCustomDisclosure.swift in Sources */ = {isa = PBXBuildFile; fileRef = OBJ_132 /* ViewWithCustomDisclosure.swift */; };
		OBJ_382 /* BoldTitleBodyView.swift in Sources */ = {isa = PBXBuildFile; fileRef = OBJ_134 /* BoldTitleBodyView.swift */; };
		OBJ_383 /* CurrencyInputView.swift in Sources */ = {isa = PBXBuildFile; fileRef = OBJ_135 /* CurrencyInputView.swift */; };
		OBJ_384 /* H4TitleBodyView.swift in Sources */ = {isa = PBXBuildFile; fileRef = OBJ_136 /* H4TitleBodyView.swift */; };
		OBJ_385 /* H5TitleBodyView.swift in Sources */ = {isa = PBXBuildFile; fileRef = OBJ_137 /* H5TitleBodyView.swift */; };
		OBJ_386 /* IconButtonView.swift in Sources */ = {isa = PBXBuildFile; fileRef = OBJ_138 /* IconButtonView.swift */; };
		OBJ_387 /* InsetView.swift in Sources */ = {isa = PBXBuildFile; fileRef = OBJ_139 /* InsetView.swift */; };
		OBJ_388 /* MultiColumnRowView.swift in Sources */ = {isa = PBXBuildFile; fileRef = OBJ_140 /* MultiColumnRowView.swift */; };
		OBJ_389 /* SelectRowGroupView.swift in Sources */ = {isa = PBXBuildFile; fileRef = OBJ_141 /* SelectRowGroupView.swift */; };
		OBJ_390 /* SelectRowView.swift in Sources */ = {isa = PBXBuildFile; fileRef = OBJ_142 /* SelectRowView.swift */; };
		OBJ_391 /* StatusView.swift in Sources */ = {isa = PBXBuildFile; fileRef = OBJ_143 /* StatusView.swift */; };
		OBJ_392 /* SwitchRowView.swift in Sources */ = {isa = PBXBuildFile; fileRef = OBJ_144 /* SwitchRowView.swift */; };
		OBJ_393 /* TabBarView.swift in Sources */ = {isa = PBXBuildFile; fileRef = OBJ_145 /* TabBarView.swift */; };
		OBJ_394 /* TextInputView.swift in Sources */ = {isa = PBXBuildFile; fileRef = OBJ_146 /* TextInputView.swift */; };
		OBJ_395 /* TitleBodyView.swift in Sources */ = {isa = PBXBuildFile; fileRef = OBJ_147 /* TitleBodyView.swift */; };
		OBJ_396 /* WarningView.swift in Sources */ = {isa = PBXBuildFile; fileRef = OBJ_148 /* WarningView.swift */; };
		OBJ_397 /* CardView.swift in Sources */ = {isa = PBXBuildFile; fileRef = OBJ_150 /* CardView.swift */; };
		OBJ_398 /* ExpandingRowComponent.swift in Sources */ = {isa = PBXBuildFile; fileRef = OBJ_151 /* ExpandingRowComponent.swift */; };
		OBJ_399 /* HeadlineCardView.swift in Sources */ = {isa = PBXBuildFile; fileRef = OBJ_153 /* HeadlineCardView.swift */; };
		OBJ_400 /* IconButtonCardView.swift in Sources */ = {isa = PBXBuildFile; fileRef = OBJ_154 /* IconButtonCardView.swift */; };
		OBJ_401 /* InformationMessage.swift in Sources */ = {isa = PBXBuildFile; fileRef = OBJ_156 /* InformationMessage.swift */; };
		OBJ_402 /* InformationMessageModel.swift in Sources */ = {isa = PBXBuildFile; fileRef = OBJ_157 /* InformationMessageModel.swift */; };
		OBJ_403 /* PageHeaderCardView.swift in Sources */ = {isa = PBXBuildFile; fileRef = OBJ_159 /* PageHeaderCardView.swift */; };
		OBJ_404 /* PrimaryCardView.swift in Sources */ = {isa = PBXBuildFile; fileRef = OBJ_161 /* PrimaryCardView.swift */; };
		OBJ_405 /* StatusButtonCardView.swift in Sources */ = {isa = PBXBuildFile; fileRef = OBJ_163 /* StatusButtonCardView.swift */; };
		OBJ_406 /* StatusCardView.swift in Sources */ = {isa = PBXBuildFile; fileRef = OBJ_164 /* StatusCardView.swift */; };
		OBJ_407 /* SummaryRowView.swift in Sources */ = {isa = PBXBuildFile; fileRef = OBJ_165 /* SummaryRowView.swift */; };
		OBJ_409 /* SnapKit.framework in Frameworks */ = {isa = PBXBuildFile; fileRef = "SnapKit::SnapKit::Product" /* SnapKit.framework */; };
		OBJ_416 /* Package.swift in Sources */ = {isa = PBXBuildFile; fileRef = OBJ_6 /* Package.swift */; };
/* End PBXBuildFile section */

/* Begin PBXContainerItemProxy section */
		6CD41D24255C532100656C66 /* PBXContainerItemProxy */ = {
			isa = PBXContainerItemProxy;
			containerPortal = OBJ_1 /* Project object */;
			proxyType = 1;
			remoteGlobalIDString = "SnapKit::SnapKit";
			remoteInfo = SnapKit;
		};
		6CD41D25255C532100656C66 /* PBXContainerItemProxy */ = {
			isa = PBXContainerItemProxy;
			containerPortal = OBJ_1 /* Project object */;
			proxyType = 1;
			remoteGlobalIDString = "SnapKit::SnapKit";
			remoteInfo = SnapKit;
		};
/* End PBXContainerItemProxy section */

/* Begin PBXFileReference section */
		6CD41D2B255C534D00656C66 /* Colors.xcassets */ = {isa = PBXFileReference; lastKnownFileType = folder.assetcatalog; path = Colors.xcassets; sourceTree = "<group>"; };
		OBJ_10 /* Info.plist */ = {isa = PBXFileReference; lastKnownFileType = text.plist.xml; path = Info.plist; sourceTree = "<group>"; };
		OBJ_101 /* ContainerView.swift */ = {isa = PBXFileReference; lastKnownFileType = sourcecode.swift; path = ContainerView.swift; sourceTree = "<group>"; };
		OBJ_103 /* ContentSizeChangeable.swift */ = {isa = PBXFileReference; lastKnownFileType = sourcecode.swift; path = ContentSizeChangeable.swift; sourceTree = "<group>"; };
		OBJ_104 /* DebugOverlayableView.swift */ = {isa = PBXFileReference; lastKnownFileType = sourcecode.swift; path = DebugOverlayableView.swift; sourceTree = "<group>"; };
		OBJ_105 /* HMRCStyle.swift */ = {isa = PBXFileReference; lastKnownFileType = sourcecode.swift; path = HMRCStyle.swift; sourceTree = "<group>"; };
		OBJ_106 /* TouchPassThroughView.swift */ = {isa = PBXFileReference; lastKnownFileType = sourcecode.swift; path = TouchPassThroughView.swift; sourceTree = "<group>"; };
		OBJ_107 /* DisplaysValidationError.swift */ = {isa = PBXFileReference; lastKnownFileType = sourcecode.swift; path = DisplaysValidationError.swift; sourceTree = "<group>"; };
		OBJ_109 /* Bundle+Resource.swift */ = {isa = PBXFileReference; lastKnownFileType = sourcecode.swift; path = "Bundle+Resource.swift"; sourceTree = "<group>"; };
		OBJ_110 /* String+Currency.swift */ = {isa = PBXFileReference; lastKnownFileType = sourcecode.swift; path = "String+Currency.swift"; sourceTree = "<group>"; };
		OBJ_111 /* String+Paragraphs.swift */ = {isa = PBXFileReference; lastKnownFileType = sourcecode.swift; path = "String+Paragraphs.swift"; sourceTree = "<group>"; };
		OBJ_112 /* UIColor+Hex.swift */ = {isa = PBXFileReference; lastKnownFileType = sourcecode.swift; path = "UIColor+Hex.swift"; sourceTree = "<group>"; };
		OBJ_114 /* CGFloat+Spacer.swift */ = {isa = PBXFileReference; lastKnownFileType = sourcecode.swift; path = "CGFloat+Spacer.swift"; sourceTree = "<group>"; };
		OBJ_115 /* FontMetrics.swift */ = {isa = PBXFileReference; lastKnownFileType = sourcecode.swift; path = FontMetrics.swift; sourceTree = "<group>"; };
		OBJ_116 /* IconButtonWithDisclosure.swift */ = {isa = PBXFileReference; lastKnownFileType = sourcecode.swift; path = IconButtonWithDisclosure.swift; sourceTree = "<group>"; };
		OBJ_117 /* InsetLabel.swift */ = {isa = PBXFileReference; lastKnownFileType = sourcecode.swift; path = InsetLabel.swift; sourceTree = "<group>"; };
		OBJ_118 /* MiscHelpers.swift */ = {isa = PBXFileReference; lastKnownFileType = sourcecode.swift; path = MiscHelpers.swift; sourceTree = "<group>"; };
		OBJ_119 /* NSAttributedString+Alignment.swift */ = {isa = PBXFileReference; lastKnownFileType = sourcecode.swift; path = "NSAttributedString+Alignment.swift"; sourceTree = "<group>"; };
		OBJ_12 /* BulletLabelView.swift */ = {isa = PBXFileReference; lastKnownFileType = sourcecode.swift; path = BulletLabelView.swift; sourceTree = "<group>"; };
		OBJ_120 /* Option.swift */ = {isa = PBXFileReference; lastKnownFileType = sourcecode.swift; path = Option.swift; sourceTree = "<group>"; };
		OBJ_121 /* String+Accessibility.swift */ = {isa = PBXFileReference; lastKnownFileType = sourcecode.swift; path = "String+Accessibility.swift"; sourceTree = "<group>"; };
		OBJ_122 /* TransparentButton.swift */ = {isa = PBXFileReference; lastKnownFileType = sourcecode.swift; path = TransparentButton.swift; sourceTree = "<group>"; };
		OBJ_123 /* UIColor+Components.swift */ = {isa = PBXFileReference; lastKnownFileType = sourcecode.swift; path = "UIColor+Components.swift"; sourceTree = "<group>"; };
		OBJ_124 /* UIEdgeInsets+HMRC.swift */ = {isa = PBXFileReference; lastKnownFileType = sourcecode.swift; path = "UIEdgeInsets+HMRC.swift"; sourceTree = "<group>"; };
		OBJ_125 /* UIFont+HMRC.swift */ = {isa = PBXFileReference; lastKnownFileType = sourcecode.swift; path = "UIFont+HMRC.swift"; sourceTree = "<group>"; };
		OBJ_126 /* UIImage+Color.swift */ = {isa = PBXFileReference; lastKnownFileType = sourcecode.swift; path = "UIImage+Color.swift"; sourceTree = "<group>"; };
		OBJ_127 /* UILabel+Copyable.swift */ = {isa = PBXFileReference; lastKnownFileType = sourcecode.swift; path = "UILabel+Copyable.swift"; sourceTree = "<group>"; };
		OBJ_128 /* UILabel+Sizing.swift */ = {isa = PBXFileReference; lastKnownFileType = sourcecode.swift; path = "UILabel+Sizing.swift"; sourceTree = "<group>"; };
		OBJ_129 /* UIStackView+AddArrangedSubviews.swift */ = {isa = PBXFileReference; lastKnownFileType = sourcecode.swift; path = "UIStackView+AddArrangedSubviews.swift"; sourceTree = "<group>"; };
		OBJ_13 /* FlexibleButton.swift */ = {isa = PBXFileReference; lastKnownFileType = sourcecode.swift; path = FlexibleButton.swift; sourceTree = "<group>"; };
		OBJ_130 /* UIView+Build.swift */ = {isa = PBXFileReference; lastKnownFileType = sourcecode.swift; path = "UIView+Build.swift"; sourceTree = "<group>"; };
		OBJ_131 /* UIView+Constraints.swift */ = {isa = PBXFileReference; lastKnownFileType = sourcecode.swift; path = "UIView+Constraints.swift"; sourceTree = "<group>"; };
		OBJ_132 /* ViewWithCustomDisclosure.swift */ = {isa = PBXFileReference; lastKnownFileType = sourcecode.swift; path = ViewWithCustomDisclosure.swift; sourceTree = "<group>"; };
		OBJ_134 /* BoldTitleBodyView.swift */ = {isa = PBXFileReference; lastKnownFileType = sourcecode.swift; path = BoldTitleBodyView.swift; sourceTree = "<group>"; };
		OBJ_135 /* CurrencyInputView.swift */ = {isa = PBXFileReference; lastKnownFileType = sourcecode.swift; path = CurrencyInputView.swift; sourceTree = "<group>"; };
		OBJ_136 /* H4TitleBodyView.swift */ = {isa = PBXFileReference; lastKnownFileType = sourcecode.swift; path = H4TitleBodyView.swift; sourceTree = "<group>"; };
		OBJ_137 /* H5TitleBodyView.swift */ = {isa = PBXFileReference; lastKnownFileType = sourcecode.swift; path = H5TitleBodyView.swift; sourceTree = "<group>"; };
		OBJ_138 /* IconButtonView.swift */ = {isa = PBXFileReference; lastKnownFileType = sourcecode.swift; path = IconButtonView.swift; sourceTree = "<group>"; };
		OBJ_139 /* InsetView.swift */ = {isa = PBXFileReference; lastKnownFileType = sourcecode.swift; path = InsetView.swift; sourceTree = "<group>"; };
		OBJ_14 /* NSAttributedString+HMRCStylable.swift */ = {isa = PBXFileReference; lastKnownFileType = sourcecode.swift; path = "NSAttributedString+HMRCStylable.swift"; sourceTree = "<group>"; };
		OBJ_140 /* MultiColumnRowView.swift */ = {isa = PBXFileReference; lastKnownFileType = sourcecode.swift; path = MultiColumnRowView.swift; sourceTree = "<group>"; };
		OBJ_141 /* SelectRowGroupView.swift */ = {isa = PBXFileReference; lastKnownFileType = sourcecode.swift; path = SelectRowGroupView.swift; sourceTree = "<group>"; };
		OBJ_142 /* SelectRowView.swift */ = {isa = PBXFileReference; lastKnownFileType = sourcecode.swift; path = SelectRowView.swift; sourceTree = "<group>"; };
		OBJ_143 /* StatusView.swift */ = {isa = PBXFileReference; lastKnownFileType = sourcecode.swift; path = StatusView.swift; sourceTree = "<group>"; };
		OBJ_144 /* SwitchRowView.swift */ = {isa = PBXFileReference; lastKnownFileType = sourcecode.swift; path = SwitchRowView.swift; sourceTree = "<group>"; };
		OBJ_145 /* TabBarView.swift */ = {isa = PBXFileReference; lastKnownFileType = sourcecode.swift; path = TabBarView.swift; sourceTree = "<group>"; };
		OBJ_146 /* TextInputView.swift */ = {isa = PBXFileReference; lastKnownFileType = sourcecode.swift; path = TextInputView.swift; sourceTree = "<group>"; };
		OBJ_147 /* TitleBodyView.swift */ = {isa = PBXFileReference; lastKnownFileType = sourcecode.swift; path = TitleBodyView.swift; sourceTree = "<group>"; };
		OBJ_148 /* WarningView.swift */ = {isa = PBXFileReference; lastKnownFileType = sourcecode.swift; path = WarningView.swift; sourceTree = "<group>"; };
		OBJ_15 /* SeparatorView.swift */ = {isa = PBXFileReference; lastKnownFileType = sourcecode.swift; path = SeparatorView.swift; sourceTree = "<group>"; };
		OBJ_150 /* CardView.swift */ = {isa = PBXFileReference; lastKnownFileType = sourcecode.swift; path = CardView.swift; sourceTree = "<group>"; };
		OBJ_151 /* ExpandingRowComponent.swift */ = {isa = PBXFileReference; lastKnownFileType = sourcecode.swift; path = ExpandingRowComponent.swift; sourceTree = "<group>"; };
		OBJ_153 /* HeadlineCardView.swift */ = {isa = PBXFileReference; lastKnownFileType = sourcecode.swift; path = HeadlineCardView.swift; sourceTree = "<group>"; };
		OBJ_154 /* IconButtonCardView.swift */ = {isa = PBXFileReference; lastKnownFileType = sourcecode.swift; path = IconButtonCardView.swift; sourceTree = "<group>"; };
		OBJ_156 /* InformationMessage.swift */ = {isa = PBXFileReference; lastKnownFileType = sourcecode.swift; path = InformationMessage.swift; sourceTree = "<group>"; };
		OBJ_157 /* InformationMessageModel.swift */ = {isa = PBXFileReference; lastKnownFileType = sourcecode.swift; path = InformationMessageModel.swift; sourceTree = "<group>"; };
		OBJ_159 /* PageHeaderCardView.swift */ = {isa = PBXFileReference; lastKnownFileType = sourcecode.swift; path = PageHeaderCardView.swift; sourceTree = "<group>"; };
		OBJ_16 /* UIButton+ComponentBlock.swift */ = {isa = PBXFileReference; lastKnownFileType = sourcecode.swift; path = "UIButton+ComponentBlock.swift"; sourceTree = "<group>"; };
		OBJ_161 /* PrimaryCardView.swift */ = {isa = PBXFileReference; lastKnownFileType = sourcecode.swift; path = PrimaryCardView.swift; sourceTree = "<group>"; };
		OBJ_163 /* StatusButtonCardView.swift */ = {isa = PBXFileReference; lastKnownFileType = sourcecode.swift; path = StatusButtonCardView.swift; sourceTree = "<group>"; };
		OBJ_164 /* StatusCardView.swift */ = {isa = PBXFileReference; lastKnownFileType = sourcecode.swift; path = StatusCardView.swift; sourceTree = "<group>"; };
		OBJ_165 /* SummaryRowView.swift */ = {isa = PBXFileReference; lastKnownFileType = sourcecode.swift; path = SummaryRowView.swift; sourceTree = "<group>"; };
		OBJ_169 /* Package.swift */ = {isa = PBXFileReference; explicitFileType = sourcecode.swift; name = Package.swift; path = "/Users/markwebb/Documents/Repos/HMRCRepos/ios-components/.build/checkouts/SnapKit/Package.swift"; sourceTree = "<group>"; };
		OBJ_17 /* UIButton+HMRCStylable.swift */ = {isa = PBXFileReference; lastKnownFileType = sourcecode.swift; path = "UIButton+HMRCStylable.swift"; sourceTree = "<group>"; };
		OBJ_170 /* Constraint.swift */ = {isa = PBXFileReference; lastKnownFileType = sourcecode.swift; path = Constraint.swift; sourceTree = "<group>"; };
		OBJ_171 /* ConstraintAttributes.swift */ = {isa = PBXFileReference; lastKnownFileType = sourcecode.swift; path = ConstraintAttributes.swift; sourceTree = "<group>"; };
		OBJ_172 /* ConstraintConfig.swift */ = {isa = PBXFileReference; lastKnownFileType = sourcecode.swift; path = ConstraintConfig.swift; sourceTree = "<group>"; };
		OBJ_173 /* ConstraintConstantTarget.swift */ = {isa = PBXFileReference; lastKnownFileType = sourcecode.swift; path = ConstraintConstantTarget.swift; sourceTree = "<group>"; };
		OBJ_174 /* ConstraintDSL.swift */ = {isa = PBXFileReference; lastKnownFileType = sourcecode.swift; path = ConstraintDSL.swift; sourceTree = "<group>"; };
		OBJ_175 /* ConstraintDescription.swift */ = {isa = PBXFileReference; lastKnownFileType = sourcecode.swift; path = ConstraintDescription.swift; sourceTree = "<group>"; };
		OBJ_176 /* ConstraintDirectionalInsetTarget.swift */ = {isa = PBXFileReference; lastKnownFileType = sourcecode.swift; path = ConstraintDirectionalInsetTarget.swift; sourceTree = "<group>"; };
		OBJ_177 /* ConstraintDirectionalInsets.swift */ = {isa = PBXFileReference; lastKnownFileType = sourcecode.swift; path = ConstraintDirectionalInsets.swift; sourceTree = "<group>"; };
		OBJ_178 /* ConstraintInsetTarget.swift */ = {isa = PBXFileReference; lastKnownFileType = sourcecode.swift; path = ConstraintInsetTarget.swift; sourceTree = "<group>"; };
		OBJ_179 /* ConstraintInsets.swift */ = {isa = PBXFileReference; lastKnownFileType = sourcecode.swift; path = ConstraintInsets.swift; sourceTree = "<group>"; };
		OBJ_18 /* UILabel+HMRCStylable.swift */ = {isa = PBXFileReference; lastKnownFileType = sourcecode.swift; path = "UILabel+HMRCStylable.swift"; sourceTree = "<group>"; };
		OBJ_180 /* ConstraintItem.swift */ = {isa = PBXFileReference; lastKnownFileType = sourcecode.swift; path = ConstraintItem.swift; sourceTree = "<group>"; };
		OBJ_181 /* ConstraintLayoutGuide+Extensions.swift */ = {isa = PBXFileReference; lastKnownFileType = sourcecode.swift; path = "ConstraintLayoutGuide+Extensions.swift"; sourceTree = "<group>"; };
		OBJ_182 /* ConstraintLayoutGuide.swift */ = {isa = PBXFileReference; lastKnownFileType = sourcecode.swift; path = ConstraintLayoutGuide.swift; sourceTree = "<group>"; };
		OBJ_183 /* ConstraintLayoutGuideDSL.swift */ = {isa = PBXFileReference; lastKnownFileType = sourcecode.swift; path = ConstraintLayoutGuideDSL.swift; sourceTree = "<group>"; };
		OBJ_184 /* ConstraintLayoutSupport.swift */ = {isa = PBXFileReference; lastKnownFileType = sourcecode.swift; path = ConstraintLayoutSupport.swift; sourceTree = "<group>"; };
		OBJ_185 /* ConstraintLayoutSupportDSL.swift */ = {isa = PBXFileReference; lastKnownFileType = sourcecode.swift; path = ConstraintLayoutSupportDSL.swift; sourceTree = "<group>"; };
		OBJ_186 /* ConstraintMaker.swift */ = {isa = PBXFileReference; lastKnownFileType = sourcecode.swift; path = ConstraintMaker.swift; sourceTree = "<group>"; };
		OBJ_187 /* ConstraintMakerEditable.swift */ = {isa = PBXFileReference; lastKnownFileType = sourcecode.swift; path = ConstraintMakerEditable.swift; sourceTree = "<group>"; };
		OBJ_188 /* ConstraintMakerExtendable.swift */ = {isa = PBXFileReference; lastKnownFileType = sourcecode.swift; path = ConstraintMakerExtendable.swift; sourceTree = "<group>"; };
		OBJ_189 /* ConstraintMakerFinalizable.swift */ = {isa = PBXFileReference; lastKnownFileType = sourcecode.swift; path = ConstraintMakerFinalizable.swift; sourceTree = "<group>"; };
		OBJ_19 /* UIView+HMRCStylable.swift */ = {isa = PBXFileReference; lastKnownFileType = sourcecode.swift; path = "UIView+HMRCStylable.swift"; sourceTree = "<group>"; };
		OBJ_190 /* ConstraintMakerPriortizable.swift */ = {isa = PBXFileReference; lastKnownFileType = sourcecode.swift; path = ConstraintMakerPriortizable.swift; sourceTree = "<group>"; };
		OBJ_191 /* ConstraintMakerRelatable.swift */ = {isa = PBXFileReference; lastKnownFileType = sourcecode.swift; path = ConstraintMakerRelatable.swift; sourceTree = "<group>"; };
		OBJ_192 /* ConstraintMultiplierTarget.swift */ = {isa = PBXFileReference; lastKnownFileType = sourcecode.swift; path = ConstraintMultiplierTarget.swift; sourceTree = "<group>"; };
		OBJ_193 /* ConstraintOffsetTarget.swift */ = {isa = PBXFileReference; lastKnownFileType = sourcecode.swift; path = ConstraintOffsetTarget.swift; sourceTree = "<group>"; };
		OBJ_194 /* ConstraintPriority.swift */ = {isa = PBXFileReference; lastKnownFileType = sourcecode.swift; path = ConstraintPriority.swift; sourceTree = "<group>"; };
		OBJ_195 /* ConstraintPriorityTarget.swift */ = {isa = PBXFileReference; lastKnownFileType = sourcecode.swift; path = ConstraintPriorityTarget.swift; sourceTree = "<group>"; };
		OBJ_196 /* ConstraintRelatableTarget.swift */ = {isa = PBXFileReference; lastKnownFileType = sourcecode.swift; path = ConstraintRelatableTarget.swift; sourceTree = "<group>"; };
		OBJ_197 /* ConstraintRelation.swift */ = {isa = PBXFileReference; lastKnownFileType = sourcecode.swift; path = ConstraintRelation.swift; sourceTree = "<group>"; };
		OBJ_198 /* ConstraintView+Extensions.swift */ = {isa = PBXFileReference; lastKnownFileType = sourcecode.swift; path = "ConstraintView+Extensions.swift"; sourceTree = "<group>"; };
		OBJ_199 /* ConstraintView.swift */ = {isa = PBXFileReference; lastKnownFileType = sourcecode.swift; path = ConstraintView.swift; sourceTree = "<group>"; };
		OBJ_20 /* ComponentsInfo.swift */ = {isa = PBXFileReference; lastKnownFileType = sourcecode.swift; path = ComponentsInfo.swift; sourceTree = "<group>"; };
		OBJ_200 /* ConstraintViewDSL.swift */ = {isa = PBXFileReference; lastKnownFileType = sourcecode.swift; path = ConstraintViewDSL.swift; sourceTree = "<group>"; };
		OBJ_201 /* Debugging.swift */ = {isa = PBXFileReference; lastKnownFileType = sourcecode.swift; path = Debugging.swift; sourceTree = "<group>"; };
		OBJ_202 /* LayoutConstraint.swift */ = {isa = PBXFileReference; lastKnownFileType = sourcecode.swift; path = LayoutConstraint.swift; sourceTree = "<group>"; };
		OBJ_203 /* LayoutConstraintItem.swift */ = {isa = PBXFileReference; lastKnownFileType = sourcecode.swift; path = LayoutConstraintItem.swift; sourceTree = "<group>"; };
		OBJ_204 /* Typealiases.swift */ = {isa = PBXFileReference; lastKnownFileType = sourcecode.swift; path = Typealiases.swift; sourceTree = "<group>"; };
		OBJ_205 /* UILayoutSupport+Extensions.swift */ = {isa = PBXFileReference; lastKnownFileType = sourcecode.swift; path = "UILayoutSupport+Extensions.swift"; sourceTree = "<group>"; };
		OBJ_210 /* CompanionApp */ = {isa = PBXFileReference; lastKnownFileType = folder; path = CompanionApp; sourceTree = SOURCE_ROOT; };
		OBJ_211 /* fastlane */ = {isa = PBXFileReference; lastKnownFileType = folder; path = fastlane; sourceTree = SOURCE_ROOT; };
		OBJ_212 /* LICENSE */ = {isa = PBXFileReference; lastKnownFileType = text; path = LICENSE; sourceTree = "<group>"; };
		OBJ_213 /* CHANGELOG.md */ = {isa = PBXFileReference; lastKnownFileType = net.daringfireball.markdown; path = CHANGELOG.md; sourceTree = "<group>"; };
		OBJ_214 /* repository.yaml */ = {isa = PBXFileReference; lastKnownFileType = text.yaml; path = repository.yaml; sourceTree = "<group>"; };
		OBJ_215 /* README.md */ = {isa = PBXFileReference; lastKnownFileType = net.daringfireball.markdown; path = README.md; sourceTree = "<group>"; };
		OBJ_216 /* Gemfile */ = {isa = PBXFileReference; lastKnownFileType = text; path = Gemfile; sourceTree = "<group>"; };
		OBJ_217 /* Gemfile.lock */ = {isa = PBXFileReference; lastKnownFileType = text; path = Gemfile.lock; sourceTree = "<group>"; };
		OBJ_218 /* swiftlint_local.sh */ = {isa = PBXFileReference; lastKnownFileType = text.script.sh; path = swiftlint_local.sh; sourceTree = "<group>"; };
		OBJ_22 /* ContainerView.swift */ = {isa = PBXFileReference; lastKnownFileType = sourcecode.swift; path = ContainerView.swift; sourceTree = "<group>"; };
		OBJ_24 /* ContentSizeChangeable.swift */ = {isa = PBXFileReference; lastKnownFileType = sourcecode.swift; path = ContentSizeChangeable.swift; sourceTree = "<group>"; };
		OBJ_25 /* DebugOverlayableView.swift */ = {isa = PBXFileReference; lastKnownFileType = sourcecode.swift; path = DebugOverlayableView.swift; sourceTree = "<group>"; };
		OBJ_26 /* HMRCStyle.swift */ = {isa = PBXFileReference; lastKnownFileType = sourcecode.swift; path = HMRCStyle.swift; sourceTree = "<group>"; };
		OBJ_27 /* TouchPassThroughView.swift */ = {isa = PBXFileReference; lastKnownFileType = sourcecode.swift; path = TouchPassThroughView.swift; sourceTree = "<group>"; };
		OBJ_28 /* DisplaysValidationError.swift */ = {isa = PBXFileReference; lastKnownFileType = sourcecode.swift; path = DisplaysValidationError.swift; sourceTree = "<group>"; };
		OBJ_30 /* Bundle+Resource.swift */ = {isa = PBXFileReference; lastKnownFileType = sourcecode.swift; path = "Bundle+Resource.swift"; sourceTree = "<group>"; };
		OBJ_31 /* String+Currency.swift */ = {isa = PBXFileReference; lastKnownFileType = sourcecode.swift; path = "String+Currency.swift"; sourceTree = "<group>"; };
		OBJ_32 /* String+Paragraphs.swift */ = {isa = PBXFileReference; lastKnownFileType = sourcecode.swift; path = "String+Paragraphs.swift"; sourceTree = "<group>"; };
		OBJ_33 /* UIColor+Hex.swift */ = {isa = PBXFileReference; lastKnownFileType = sourcecode.swift; path = "UIColor+Hex.swift"; sourceTree = "<group>"; };
		OBJ_35 /* CGFloat+Spacer.swift */ = {isa = PBXFileReference; lastKnownFileType = sourcecode.swift; path = "CGFloat+Spacer.swift"; sourceTree = "<group>"; };
		OBJ_36 /* FontMetrics.swift */ = {isa = PBXFileReference; lastKnownFileType = sourcecode.swift; path = FontMetrics.swift; sourceTree = "<group>"; };
		OBJ_37 /* IconButtonWithDisclosure.swift */ = {isa = PBXFileReference; lastKnownFileType = sourcecode.swift; path = IconButtonWithDisclosure.swift; sourceTree = "<group>"; };
		OBJ_38 /* InsetLabel.swift */ = {isa = PBXFileReference; lastKnownFileType = sourcecode.swift; path = InsetLabel.swift; sourceTree = "<group>"; };
		OBJ_39 /* MiscHelpers.swift */ = {isa = PBXFileReference; lastKnownFileType = sourcecode.swift; path = MiscHelpers.swift; sourceTree = "<group>"; };
		OBJ_40 /* NSAttributedString+Alignment.swift */ = {isa = PBXFileReference; lastKnownFileType = sourcecode.swift; path = "NSAttributedString+Alignment.swift"; sourceTree = "<group>"; };
		OBJ_41 /* Option.swift */ = {isa = PBXFileReference; lastKnownFileType = sourcecode.swift; path = Option.swift; sourceTree = "<group>"; };
		OBJ_42 /* String+Accessibility.swift */ = {isa = PBXFileReference; lastKnownFileType = sourcecode.swift; path = "String+Accessibility.swift"; sourceTree = "<group>"; };
		OBJ_43 /* TransparentButton.swift */ = {isa = PBXFileReference; lastKnownFileType = sourcecode.swift; path = TransparentButton.swift; sourceTree = "<group>"; };
		OBJ_44 /* UIColor+Components.swift */ = {isa = PBXFileReference; lastKnownFileType = sourcecode.swift; path = "UIColor+Components.swift"; sourceTree = "<group>"; };
		OBJ_45 /* UIEdgeInsets+HMRC.swift */ = {isa = PBXFileReference; lastKnownFileType = sourcecode.swift; path = "UIEdgeInsets+HMRC.swift"; sourceTree = "<group>"; };
		OBJ_46 /* UIFont+HMRC.swift */ = {isa = PBXFileReference; lastKnownFileType = sourcecode.swift; path = "UIFont+HMRC.swift"; sourceTree = "<group>"; };
		OBJ_47 /* UIImage+Color.swift */ = {isa = PBXFileReference; lastKnownFileType = sourcecode.swift; path = "UIImage+Color.swift"; sourceTree = "<group>"; };
		OBJ_48 /* UILabel+Copyable.swift */ = {isa = PBXFileReference; lastKnownFileType = sourcecode.swift; path = "UILabel+Copyable.swift"; sourceTree = "<group>"; };
		OBJ_49 /* UILabel+Sizing.swift */ = {isa = PBXFileReference; lastKnownFileType = sourcecode.swift; path = "UILabel+Sizing.swift"; sourceTree = "<group>"; };
		OBJ_50 /* UIStackView+AddArrangedSubviews.swift */ = {isa = PBXFileReference; lastKnownFileType = sourcecode.swift; path = "UIStackView+AddArrangedSubviews.swift"; sourceTree = "<group>"; };
		OBJ_51 /* UIView+Build.swift */ = {isa = PBXFileReference; lastKnownFileType = sourcecode.swift; path = "UIView+Build.swift"; sourceTree = "<group>"; };
		OBJ_52 /* UIView+Constraints.swift */ = {isa = PBXFileReference; lastKnownFileType = sourcecode.swift; path = "UIView+Constraints.swift"; sourceTree = "<group>"; };
		OBJ_53 /* ViewWithCustomDisclosure.swift */ = {isa = PBXFileReference; lastKnownFileType = sourcecode.swift; path = ViewWithCustomDisclosure.swift; sourceTree = "<group>"; };
		OBJ_55 /* BoldTitleBodyView.swift */ = {isa = PBXFileReference; lastKnownFileType = sourcecode.swift; path = BoldTitleBodyView.swift; sourceTree = "<group>"; };
		OBJ_56 /* CurrencyInputView.swift */ = {isa = PBXFileReference; lastKnownFileType = sourcecode.swift; path = CurrencyInputView.swift; sourceTree = "<group>"; };
		OBJ_57 /* H4TitleBodyView.swift */ = {isa = PBXFileReference; lastKnownFileType = sourcecode.swift; path = H4TitleBodyView.swift; sourceTree = "<group>"; };
		OBJ_58 /* H5TitleBodyView.swift */ = {isa = PBXFileReference; lastKnownFileType = sourcecode.swift; path = H5TitleBodyView.swift; sourceTree = "<group>"; };
		OBJ_59 /* IconButtonView.swift */ = {isa = PBXFileReference; lastKnownFileType = sourcecode.swift; path = IconButtonView.swift; sourceTree = "<group>"; };
		OBJ_6 /* Package.swift */ = {isa = PBXFileReference; explicitFileType = sourcecode.swift; path = Package.swift; sourceTree = "<group>"; };
		OBJ_60 /* InsetView.swift */ = {isa = PBXFileReference; lastKnownFileType = sourcecode.swift; path = InsetView.swift; sourceTree = "<group>"; };
		OBJ_61 /* MultiColumnRowView.swift */ = {isa = PBXFileReference; lastKnownFileType = sourcecode.swift; path = MultiColumnRowView.swift; sourceTree = "<group>"; };
		OBJ_62 /* SelectRowGroupView.swift */ = {isa = PBXFileReference; lastKnownFileType = sourcecode.swift; path = SelectRowGroupView.swift; sourceTree = "<group>"; };
		OBJ_63 /* SelectRowView.swift */ = {isa = PBXFileReference; lastKnownFileType = sourcecode.swift; path = SelectRowView.swift; sourceTree = "<group>"; };
		OBJ_64 /* StatusView.swift */ = {isa = PBXFileReference; lastKnownFileType = sourcecode.swift; path = StatusView.swift; sourceTree = "<group>"; };
		OBJ_65 /* SwitchRowView.swift */ = {isa = PBXFileReference; lastKnownFileType = sourcecode.swift; path = SwitchRowView.swift; sourceTree = "<group>"; };
		OBJ_66 /* TabBarView.swift */ = {isa = PBXFileReference; lastKnownFileType = sourcecode.swift; path = TabBarView.swift; sourceTree = "<group>"; };
		OBJ_67 /* TextInputView.swift */ = {isa = PBXFileReference; lastKnownFileType = sourcecode.swift; path = TextInputView.swift; sourceTree = "<group>"; };
		OBJ_68 /* TitleBodyView.swift */ = {isa = PBXFileReference; lastKnownFileType = sourcecode.swift; path = TitleBodyView.swift; sourceTree = "<group>"; };
		OBJ_69 /* WarningView.swift */ = {isa = PBXFileReference; lastKnownFileType = sourcecode.swift; path = WarningView.swift; sourceTree = "<group>"; };
		OBJ_71 /* CardView.swift */ = {isa = PBXFileReference; lastKnownFileType = sourcecode.swift; path = CardView.swift; sourceTree = "<group>"; };
		OBJ_72 /* ExpandingRowComponent.swift */ = {isa = PBXFileReference; lastKnownFileType = sourcecode.swift; path = ExpandingRowComponent.swift; sourceTree = "<group>"; };
		OBJ_74 /* HeadlineCardView.swift */ = {isa = PBXFileReference; lastKnownFileType = sourcecode.swift; path = HeadlineCardView.swift; sourceTree = "<group>"; };
		OBJ_75 /* IconButtonCardView.swift */ = {isa = PBXFileReference; lastKnownFileType = sourcecode.swift; path = IconButtonCardView.swift; sourceTree = "<group>"; };
		OBJ_77 /* InformationMessage.swift */ = {isa = PBXFileReference; lastKnownFileType = sourcecode.swift; path = InformationMessage.swift; sourceTree = "<group>"; };
		OBJ_78 /* InformationMessageModel.swift */ = {isa = PBXFileReference; lastKnownFileType = sourcecode.swift; path = InformationMessageModel.swift; sourceTree = "<group>"; };
		OBJ_80 /* PageHeaderCardView.swift */ = {isa = PBXFileReference; lastKnownFileType = sourcecode.swift; path = PageHeaderCardView.swift; sourceTree = "<group>"; };
		OBJ_82 /* PrimaryCardView.swift */ = {isa = PBXFileReference; lastKnownFileType = sourcecode.swift; path = PrimaryCardView.swift; sourceTree = "<group>"; };
		OBJ_84 /* StatusButtonCardView.swift */ = {isa = PBXFileReference; lastKnownFileType = sourcecode.swift; path = StatusButtonCardView.swift; sourceTree = "<group>"; };
		OBJ_85 /* StatusCardView.swift */ = {isa = PBXFileReference; lastKnownFileType = sourcecode.swift; path = StatusCardView.swift; sourceTree = "<group>"; };
		OBJ_86 /* SummaryRowView.swift */ = {isa = PBXFileReference; lastKnownFileType = sourcecode.swift; path = SummaryRowView.swift; sourceTree = "<group>"; };
		OBJ_88 /* UIComponents.h */ = {isa = PBXFileReference; lastKnownFileType = sourcecode.c.h; path = UIComponents.h; sourceTree = "<group>"; };
		OBJ_89 /* Info.plist */ = {isa = PBXFileReference; lastKnownFileType = text.plist.xml; path = Info.plist; sourceTree = "<group>"; };
		OBJ_9 /* UIComponents.h */ = {isa = PBXFileReference; lastKnownFileType = sourcecode.c.h; path = UIComponents.h; sourceTree = "<group>"; };
		OBJ_91 /* BulletLabelView.swift */ = {isa = PBXFileReference; lastKnownFileType = sourcecode.swift; path = BulletLabelView.swift; sourceTree = "<group>"; };
		OBJ_92 /* FlexibleButton.swift */ = {isa = PBXFileReference; lastKnownFileType = sourcecode.swift; path = FlexibleButton.swift; sourceTree = "<group>"; };
		OBJ_93 /* NSAttributedString+HMRCStylable.swift */ = {isa = PBXFileReference; lastKnownFileType = sourcecode.swift; path = "NSAttributedString+HMRCStylable.swift"; sourceTree = "<group>"; };
		OBJ_94 /* SeparatorView.swift */ = {isa = PBXFileReference; lastKnownFileType = sourcecode.swift; path = SeparatorView.swift; sourceTree = "<group>"; };
		OBJ_95 /* UIButton+ComponentBlock.swift */ = {isa = PBXFileReference; lastKnownFileType = sourcecode.swift; path = "UIButton+ComponentBlock.swift"; sourceTree = "<group>"; };
		OBJ_96 /* UIButton+HMRCStylable.swift */ = {isa = PBXFileReference; lastKnownFileType = sourcecode.swift; path = "UIButton+HMRCStylable.swift"; sourceTree = "<group>"; };
		OBJ_97 /* UILabel+HMRCStylable.swift */ = {isa = PBXFileReference; lastKnownFileType = sourcecode.swift; path = "UILabel+HMRCStylable.swift"; sourceTree = "<group>"; };
		OBJ_98 /* UIView+HMRCStylable.swift */ = {isa = PBXFileReference; lastKnownFileType = sourcecode.swift; path = "UIView+HMRCStylable.swift"; sourceTree = "<group>"; };
		OBJ_99 /* ComponentsInfo.swift */ = {isa = PBXFileReference; lastKnownFileType = sourcecode.swift; path = ComponentsInfo.swift; sourceTree = "<group>"; };
		"SnapKit::SnapKit::Product" /* SnapKit.framework */ = {isa = PBXFileReference; lastKnownFileType = wrapper.framework; path = SnapKit.framework; sourceTree = BUILT_PRODUCTS_DIR; };
		"UIComponents::NSSComponents::Product" /* NSSComponents.framework */ = {isa = PBXFileReference; lastKnownFileType = wrapper.framework; path = NSSComponents.framework; sourceTree = BUILT_PRODUCTS_DIR; };
		"UIComponents::UIComponents::Product" /* UIComponents.framework */ = {isa = PBXFileReference; lastKnownFileType = wrapper.framework; path = UIComponents.framework; sourceTree = BUILT_PRODUCTS_DIR; };
/* End PBXFileReference section */

/* Begin PBXFrameworksBuildPhase section */
		OBJ_288 /* Frameworks */ = {
			isa = PBXFrameworksBuildPhase;
			buildActionMask = 0;
			files = (
				OBJ_289 /* SnapKit.framework in Frameworks */,
			);
			runOnlyForDeploymentPostprocessing = 0;
		};
		OBJ_332 /* Frameworks */ = {
			isa = PBXFrameworksBuildPhase;
			buildActionMask = 0;
			files = (
			);
			runOnlyForDeploymentPostprocessing = 0;
		};
		OBJ_408 /* Frameworks */ = {
			isa = PBXFrameworksBuildPhase;
			buildActionMask = 0;
			files = (
				OBJ_409 /* SnapKit.framework in Frameworks */,
			);
			runOnlyForDeploymentPostprocessing = 0;
		};
/* End PBXFrameworksBuildPhase section */

/* Begin PBXGroup section */
		OBJ_100 /* Containers */ = {
			isa = PBXGroup;
			children = (
				OBJ_101 /* ContainerView.swift */,
			);
			path = Containers;
			sourceTree = "<group>";
		};
		OBJ_102 /* Core */ = {
			isa = PBXGroup;
			children = (
				OBJ_103 /* ContentSizeChangeable.swift */,
				OBJ_104 /* DebugOverlayableView.swift */,
				OBJ_105 /* HMRCStyle.swift */,
				OBJ_106 /* TouchPassThroughView.swift */,
			);
			path = Core;
			sourceTree = "<group>";
		};
		OBJ_108 /* Extensions */ = {
			isa = PBXGroup;
			children = (
				OBJ_109 /* Bundle+Resource.swift */,
				OBJ_110 /* String+Currency.swift */,
				OBJ_111 /* String+Paragraphs.swift */,
				OBJ_112 /* UIColor+Hex.swift */,
			);
			path = Extensions;
			sourceTree = "<group>";
		};
		OBJ_11 /* Atoms */ = {
			isa = PBXGroup;
			children = (
				OBJ_12 /* BulletLabelView.swift */,
				OBJ_13 /* FlexibleButton.swift */,
				OBJ_14 /* NSAttributedString+HMRCStylable.swift */,
				OBJ_15 /* SeparatorView.swift */,
				OBJ_16 /* UIButton+ComponentBlock.swift */,
				OBJ_17 /* UIButton+HMRCStylable.swift */,
				OBJ_18 /* UILabel+HMRCStylable.swift */,
				OBJ_19 /* UIView+HMRCStylable.swift */,
			);
			path = Atoms;
			sourceTree = "<group>";
		};
		OBJ_113 /* Helpers */ = {
			isa = PBXGroup;
			children = (
				OBJ_114 /* CGFloat+Spacer.swift */,
				OBJ_115 /* FontMetrics.swift */,
				OBJ_116 /* IconButtonWithDisclosure.swift */,
				OBJ_117 /* InsetLabel.swift */,
				OBJ_118 /* MiscHelpers.swift */,
				OBJ_119 /* NSAttributedString+Alignment.swift */,
				OBJ_120 /* Option.swift */,
				OBJ_121 /* String+Accessibility.swift */,
				OBJ_122 /* TransparentButton.swift */,
				OBJ_123 /* UIColor+Components.swift */,
				OBJ_124 /* UIEdgeInsets+HMRC.swift */,
				OBJ_125 /* UIFont+HMRC.swift */,
				OBJ_126 /* UIImage+Color.swift */,
				OBJ_127 /* UILabel+Copyable.swift */,
				OBJ_128 /* UILabel+Sizing.swift */,
				OBJ_129 /* UIStackView+AddArrangedSubviews.swift */,
				OBJ_130 /* UIView+Build.swift */,
				OBJ_131 /* UIView+Constraints.swift */,
				OBJ_132 /* ViewWithCustomDisclosure.swift */,
			);
			path = Helpers;
			sourceTree = "<group>";
		};
		OBJ_133 /* Molecules */ = {
			isa = PBXGroup;
			children = (
				OBJ_134 /* BoldTitleBodyView.swift */,
				OBJ_135 /* CurrencyInputView.swift */,
				OBJ_136 /* H4TitleBodyView.swift */,
				OBJ_137 /* H5TitleBodyView.swift */,
				OBJ_138 /* IconButtonView.swift */,
				OBJ_139 /* InsetView.swift */,
				OBJ_140 /* MultiColumnRowView.swift */,
				OBJ_141 /* SelectRowGroupView.swift */,
				OBJ_142 /* SelectRowView.swift */,
				OBJ_143 /* StatusView.swift */,
				OBJ_144 /* SwitchRowView.swift */,
				OBJ_145 /* TabBarView.swift */,
				OBJ_146 /* TextInputView.swift */,
				OBJ_147 /* TitleBodyView.swift */,
				OBJ_148 /* WarningView.swift */,
			);
			path = Molecules;
			sourceTree = "<group>";
		};
		OBJ_149 /* Organisms */ = {
			isa = PBXGroup;
			children = (
				OBJ_150 /* CardView.swift */,
				OBJ_151 /* ExpandingRowComponent.swift */,
				OBJ_152 /* HeadlineCardView */,
				OBJ_154 /* IconButtonCardView.swift */,
				OBJ_155 /* InformationMessage */,
				OBJ_158 /* PageHeaderCardView */,
				OBJ_160 /* PrimaryCardView */,
				OBJ_162 /* StatusCardView */,
				OBJ_165 /* SummaryRowView.swift */,
			);
			path = Organisms;
			sourceTree = "<group>";
		};
		OBJ_152 /* HeadlineCardView */ = {
			isa = PBXGroup;
			children = (
				OBJ_153 /* HeadlineCardView.swift */,
			);
			path = HeadlineCardView;
			sourceTree = "<group>";
		};
		OBJ_155 /* InformationMessage */ = {
			isa = PBXGroup;
			children = (
				OBJ_156 /* InformationMessage.swift */,
				OBJ_157 /* InformationMessageModel.swift */,
			);
			path = InformationMessage;
			sourceTree = "<group>";
		};
		OBJ_158 /* PageHeaderCardView */ = {
			isa = PBXGroup;
			children = (
				OBJ_159 /* PageHeaderCardView.swift */,
			);
			path = PageHeaderCardView;
			sourceTree = "<group>";
		};
		OBJ_160 /* PrimaryCardView */ = {
			isa = PBXGroup;
			children = (
				OBJ_161 /* PrimaryCardView.swift */,
			);
			path = PrimaryCardView;
			sourceTree = "<group>";
		};
		OBJ_162 /* StatusCardView */ = {
			isa = PBXGroup;
			children = (
				OBJ_163 /* StatusButtonCardView.swift */,
				OBJ_164 /* StatusCardView.swift */,
			);
			path = StatusCardView;
			sourceTree = "<group>";
		};
		OBJ_166 /* Tests */ = {
			isa = PBXGroup;
			children = (
			);
			name = Tests;
			sourceTree = SOURCE_ROOT;
		};
		OBJ_167 /* Dependencies */ = {
			isa = PBXGroup;
			children = (
				OBJ_168 /* SnapKit 5.0.1 */,
			);
			name = Dependencies;
			sourceTree = "<group>";
		};
		OBJ_168 /* SnapKit 5.0.1 */ = {
			isa = PBXGroup;
			children = (
				OBJ_169 /* Package.swift */,
				OBJ_170 /* Constraint.swift */,
				OBJ_171 /* ConstraintAttributes.swift */,
				OBJ_172 /* ConstraintConfig.swift */,
				OBJ_173 /* ConstraintConstantTarget.swift */,
				OBJ_174 /* ConstraintDSL.swift */,
				OBJ_175 /* ConstraintDescription.swift */,
				OBJ_176 /* ConstraintDirectionalInsetTarget.swift */,
				OBJ_177 /* ConstraintDirectionalInsets.swift */,
				OBJ_178 /* ConstraintInsetTarget.swift */,
				OBJ_179 /* ConstraintInsets.swift */,
				OBJ_180 /* ConstraintItem.swift */,
				OBJ_181 /* ConstraintLayoutGuide+Extensions.swift */,
				OBJ_182 /* ConstraintLayoutGuide.swift */,
				OBJ_183 /* ConstraintLayoutGuideDSL.swift */,
				OBJ_184 /* ConstraintLayoutSupport.swift */,
				OBJ_185 /* ConstraintLayoutSupportDSL.swift */,
				OBJ_186 /* ConstraintMaker.swift */,
				OBJ_187 /* ConstraintMakerEditable.swift */,
				OBJ_188 /* ConstraintMakerExtendable.swift */,
				OBJ_189 /* ConstraintMakerFinalizable.swift */,
				OBJ_190 /* ConstraintMakerPriortizable.swift */,
				OBJ_191 /* ConstraintMakerRelatable.swift */,
				OBJ_192 /* ConstraintMultiplierTarget.swift */,
				OBJ_193 /* ConstraintOffsetTarget.swift */,
				OBJ_194 /* ConstraintPriority.swift */,
				OBJ_195 /* ConstraintPriorityTarget.swift */,
				OBJ_196 /* ConstraintRelatableTarget.swift */,
				OBJ_197 /* ConstraintRelation.swift */,
				OBJ_198 /* ConstraintView+Extensions.swift */,
				OBJ_199 /* ConstraintView.swift */,
				OBJ_200 /* ConstraintViewDSL.swift */,
				OBJ_201 /* Debugging.swift */,
				OBJ_202 /* LayoutConstraint.swift */,
				OBJ_203 /* LayoutConstraintItem.swift */,
				OBJ_204 /* Typealiases.swift */,
				OBJ_205 /* UILayoutSupport+Extensions.swift */,
			);
			name = "SnapKit 5.0.1";
			path = .build/checkouts/SnapKit/Source;
			sourceTree = SOURCE_ROOT;
		};
		OBJ_206 /* Products */ = {
			isa = PBXGroup;
			children = (
				"SnapKit::SnapKit::Product" /* SnapKit.framework */,
				"UIComponents::NSSComponents::Product" /* NSSComponents.framework */,
				"UIComponents::UIComponents::Product" /* UIComponents.framework */,
			);
			name = Products;
			sourceTree = BUILT_PRODUCTS_DIR;
		};
		OBJ_21 /* Containers */ = {
			isa = PBXGroup;
			children = (
				OBJ_22 /* ContainerView.swift */,
			);
			path = Containers;
			sourceTree = "<group>";
		};
		OBJ_23 /* Core */ = {
			isa = PBXGroup;
			children = (
				OBJ_24 /* ContentSizeChangeable.swift */,
				OBJ_25 /* DebugOverlayableView.swift */,
				OBJ_26 /* HMRCStyle.swift */,
				OBJ_27 /* TouchPassThroughView.swift */,
			);
			path = Core;
			sourceTree = "<group>";
		};
		OBJ_29 /* Extensions */ = {
			isa = PBXGroup;
			children = (
				OBJ_30 /* Bundle+Resource.swift */,
				OBJ_31 /* String+Currency.swift */,
				OBJ_32 /* String+Paragraphs.swift */,
				OBJ_33 /* UIColor+Hex.swift */,
			);
			path = Extensions;
			sourceTree = "<group>";
		};
		OBJ_34 /* Helpers */ = {
			isa = PBXGroup;
			children = (
				OBJ_35 /* CGFloat+Spacer.swift */,
				OBJ_36 /* FontMetrics.swift */,
				OBJ_37 /* IconButtonWithDisclosure.swift */,
				OBJ_38 /* InsetLabel.swift */,
				OBJ_39 /* MiscHelpers.swift */,
				OBJ_40 /* NSAttributedString+Alignment.swift */,
				OBJ_41 /* Option.swift */,
				OBJ_42 /* String+Accessibility.swift */,
				OBJ_43 /* TransparentButton.swift */,
				OBJ_44 /* UIColor+Components.swift */,
				OBJ_45 /* UIEdgeInsets+HMRC.swift */,
				OBJ_46 /* UIFont+HMRC.swift */,
				OBJ_47 /* UIImage+Color.swift */,
				OBJ_48 /* UILabel+Copyable.swift */,
				OBJ_49 /* UILabel+Sizing.swift */,
				OBJ_50 /* UIStackView+AddArrangedSubviews.swift */,
				OBJ_51 /* UIView+Build.swift */,
				OBJ_52 /* UIView+Constraints.swift */,
				OBJ_53 /* ViewWithCustomDisclosure.swift */,
			);
			path = Helpers;
			sourceTree = "<group>";
		};
		OBJ_5 /*  */ = {
			isa = PBXGroup;
			children = (
				OBJ_6 /* Package.swift */,
				OBJ_7 /* Sources */,
				OBJ_166 /* Tests */,
				OBJ_167 /* Dependencies */,
				OBJ_206 /* Products */,
				OBJ_210 /* CompanionApp */,
				OBJ_211 /* fastlane */,
				OBJ_212 /* LICENSE */,
				OBJ_213 /* CHANGELOG.md */,
				OBJ_214 /* repository.yaml */,
				OBJ_215 /* README.md */,
				OBJ_216 /* Gemfile */,
				OBJ_217 /* Gemfile.lock */,
				OBJ_218 /* swiftlint_local.sh */,
			);
			name = "";
			sourceTree = "<group>";
		};
		OBJ_54 /* Molecules */ = {
			isa = PBXGroup;
			children = (
				OBJ_55 /* BoldTitleBodyView.swift */,
				OBJ_56 /* CurrencyInputView.swift */,
				OBJ_57 /* H4TitleBodyView.swift */,
				OBJ_58 /* H5TitleBodyView.swift */,
				OBJ_59 /* IconButtonView.swift */,
				OBJ_60 /* InsetView.swift */,
				OBJ_61 /* MultiColumnRowView.swift */,
				OBJ_62 /* SelectRowGroupView.swift */,
				OBJ_63 /* SelectRowView.swift */,
				OBJ_64 /* StatusView.swift */,
				OBJ_65 /* SwitchRowView.swift */,
				OBJ_66 /* TabBarView.swift */,
				OBJ_67 /* TextInputView.swift */,
				OBJ_68 /* TitleBodyView.swift */,
				OBJ_69 /* WarningView.swift */,
			);
			path = Molecules;
			sourceTree = "<group>";
		};
		OBJ_7 /* Sources */ = {
			isa = PBXGroup;
			children = (
				OBJ_8 /* NSSComponents */,
				OBJ_87 /* UIComponents */,
			);
			name = Sources;
			sourceTree = SOURCE_ROOT;
		};
		OBJ_70 /* Organisms */ = {
			isa = PBXGroup;
			children = (
				OBJ_71 /* CardView.swift */,
				OBJ_72 /* ExpandingRowComponent.swift */,
				OBJ_73 /* HeadlineCardView */,
				OBJ_75 /* IconButtonCardView.swift */,
				OBJ_76 /* InformationMessage */,
				OBJ_79 /* PageHeaderCardView */,
				OBJ_81 /* PrimaryCardView */,
				OBJ_83 /* StatusCardView */,
				OBJ_86 /* SummaryRowView.swift */,
			);
			path = Organisms;
			sourceTree = "<group>";
		};
		OBJ_73 /* HeadlineCardView */ = {
			isa = PBXGroup;
			children = (
				OBJ_74 /* HeadlineCardView.swift */,
			);
			path = HeadlineCardView;
			sourceTree = "<group>";
		};
		OBJ_76 /* InformationMessage */ = {
			isa = PBXGroup;
			children = (
				OBJ_77 /* InformationMessage.swift */,
				OBJ_78 /* InformationMessageModel.swift */,
			);
			path = InformationMessage;
			sourceTree = "<group>";
		};
		OBJ_79 /* PageHeaderCardView */ = {
			isa = PBXGroup;
			children = (
				OBJ_80 /* PageHeaderCardView.swift */,
			);
			path = PageHeaderCardView;
			sourceTree = "<group>";
		};
		OBJ_8 /* NSSComponents */ = {
			isa = PBXGroup;
			children = (
				OBJ_9 /* UIComponents.h */,
				OBJ_10 /* Info.plist */,
				6CD41D2B255C534D00656C66 /* Colors.xcassets */,
				OBJ_11 /* Atoms */,
				OBJ_20 /* ComponentsInfo.swift */,
				OBJ_21 /* Containers */,
				OBJ_23 /* Core */,
				OBJ_28 /* DisplaysValidationError.swift */,
				OBJ_29 /* Extensions */,
				OBJ_34 /* Helpers */,
				OBJ_54 /* Molecules */,
				OBJ_70 /* Organisms */,
			);
			name = NSSComponents;
			path = Sources/NSSComponents;
			sourceTree = SOURCE_ROOT;
		};
		OBJ_81 /* PrimaryCardView */ = {
			isa = PBXGroup;
			children = (
				OBJ_82 /* PrimaryCardView.swift */,
			);
			path = PrimaryCardView;
			sourceTree = "<group>";
		};
		OBJ_83 /* StatusCardView */ = {
			isa = PBXGroup;
			children = (
				OBJ_84 /* StatusButtonCardView.swift */,
				OBJ_85 /* StatusCardView.swift */,
			);
			path = StatusCardView;
			sourceTree = "<group>";
		};
		OBJ_87 /* UIComponents */ = {
			isa = PBXGroup;
			children = (
				OBJ_88 /* UIComponents.h */,
				OBJ_89 /* Info.plist */,
				OBJ_90 /* Atoms */,
				OBJ_99 /* ComponentsInfo.swift */,
				OBJ_100 /* Containers */,
				OBJ_102 /* Core */,
				OBJ_107 /* DisplaysValidationError.swift */,
				OBJ_108 /* Extensions */,
				OBJ_113 /* Helpers */,
				OBJ_133 /* Molecules */,
				OBJ_149 /* Organisms */,
			);
			name = UIComponents;
			path = Sources/UIComponents;
			sourceTree = SOURCE_ROOT;
		};
		OBJ_90 /* Atoms */ = {
			isa = PBXGroup;
			children = (
				OBJ_91 /* BulletLabelView.swift */,
				OBJ_92 /* FlexibleButton.swift */,
				OBJ_93 /* NSAttributedString+HMRCStylable.swift */,
				OBJ_94 /* SeparatorView.swift */,
				OBJ_95 /* UIButton+ComponentBlock.swift */,
				OBJ_96 /* UIButton+HMRCStylable.swift */,
				OBJ_97 /* UILabel+HMRCStylable.swift */,
				OBJ_98 /* UIView+HMRCStylable.swift */,
			);
			path = Atoms;
			sourceTree = "<group>";
		};
/* End PBXGroup section */

/* Begin PBXNativeTarget section */
		"SnapKit::SnapKit" /* SnapKit */ = {
			isa = PBXNativeTarget;
			buildConfigurationList = OBJ_292 /* Build configuration list for PBXNativeTarget "SnapKit" */;
			buildPhases = (
				OBJ_295 /* Sources */,
				OBJ_332 /* Frameworks */,
			);
			buildRules = (
			);
			dependencies = (
			);
			name = SnapKit;
			productName = SnapKit;
			productReference = "SnapKit::SnapKit::Product" /* SnapKit.framework */;
			productType = "com.apple.product-type.framework";
		};
		"SnapKit::SwiftPMPackageDescription" /* SnapKitPackageDescription */ = {
			isa = PBXNativeTarget;
			buildConfigurationList = OBJ_334 /* Build configuration list for PBXNativeTarget "SnapKitPackageDescription" */;
			buildPhases = (
				OBJ_337 /* Sources */,
			);
			buildRules = (
			);
			dependencies = (
			);
			name = SnapKitPackageDescription;
			productName = SnapKitPackageDescription;
			productType = "com.apple.product-type.framework";
		};
		"UIComponents::NSSComponents" /* NSSComponents */ = {
			isa = PBXNativeTarget;
			buildConfigurationList = OBJ_220 /* Build configuration list for PBXNativeTarget "NSSComponents" */;
			buildPhases = (
				OBJ_223 /* Sources */,
				OBJ_288 /* Frameworks */,
			);
			buildRules = (
			);
			dependencies = (
				OBJ_290 /* PBXTargetDependency */,
			);
			name = NSSComponents;
			productName = NSSComponents;
			productReference = "UIComponents::NSSComponents::Product" /* NSSComponents.framework */;
			productType = "com.apple.product-type.framework";
		};
		"UIComponents::SwiftPMPackageDescription" /* UIComponentsPackageDescription */ = {
			isa = PBXNativeTarget;
			buildConfigurationList = OBJ_412 /* Build configuration list for PBXNativeTarget "UIComponentsPackageDescription" */;
			buildPhases = (
				OBJ_415 /* Sources */,
			);
			buildRules = (
			);
			dependencies = (
			);
			name = UIComponentsPackageDescription;
			productName = UIComponentsPackageDescription;
			productType = "com.apple.product-type.framework";
		};
		"UIComponents::UIComponents" /* UIComponents */ = {
			isa = PBXNativeTarget;
			buildConfigurationList = OBJ_340 /* Build configuration list for PBXNativeTarget "UIComponents" */;
			buildPhases = (
				OBJ_343 /* Sources */,
				OBJ_408 /* Frameworks */,
			);
			buildRules = (
			);
			dependencies = (
				OBJ_410 /* PBXTargetDependency */,
			);
			name = UIComponents;
			productName = UIComponents;
			productReference = "UIComponents::UIComponents::Product" /* UIComponents.framework */;
			productType = "com.apple.product-type.framework";
		};
/* End PBXNativeTarget section */

/* Begin PBXProject section */
		OBJ_1 /* Project object */ = {
			isa = PBXProject;
			attributes = {
				LastSwiftMigration = 9999;
				LastUpgradeCheck = 9999;
			};
			buildConfigurationList = OBJ_2 /* Build configuration list for PBXProject "UIComponents" */;
			compatibilityVersion = "Xcode 3.2";
			developmentRegion = en;
			hasScannedForEncodings = 0;
			knownRegions = (
				en,
			);
			mainGroup = OBJ_5 /*  */;
			productRefGroup = OBJ_206 /* Products */;
			projectDirPath = "";
			projectRoot = "";
			targets = (
				"UIComponents::NSSComponents" /* NSSComponents */,
				"SnapKit::SnapKit" /* SnapKit */,
				"SnapKit::SwiftPMPackageDescription" /* SnapKitPackageDescription */,
				"UIComponents::UIComponents" /* UIComponents */,
				"UIComponents::SwiftPMPackageDescription" /* UIComponentsPackageDescription */,
			);
		};
/* End PBXProject section */

/* Begin PBXSourcesBuildPhase section */
		OBJ_223 /* Sources */ = {
			isa = PBXSourcesBuildPhase;
			buildActionMask = 0;
			files = (
				OBJ_224 /* BulletLabelView.swift in Sources */,
				OBJ_225 /* FlexibleButton.swift in Sources */,
				OBJ_226 /* NSAttributedString+HMRCStylable.swift in Sources */,
				OBJ_227 /* SeparatorView.swift in Sources */,
				OBJ_228 /* UIButton+ComponentBlock.swift in Sources */,
				OBJ_229 /* UIButton+HMRCStylable.swift in Sources */,
				OBJ_230 /* UILabel+HMRCStylable.swift in Sources */,
				OBJ_231 /* UIView+HMRCStylable.swift in Sources */,
				OBJ_232 /* ComponentsInfo.swift in Sources */,
				OBJ_233 /* ContainerView.swift in Sources */,
				OBJ_234 /* ContentSizeChangeable.swift in Sources */,
				OBJ_235 /* DebugOverlayableView.swift in Sources */,
				OBJ_236 /* HMRCStyle.swift in Sources */,
				OBJ_237 /* TouchPassThroughView.swift in Sources */,
				OBJ_238 /* DisplaysValidationError.swift in Sources */,
				OBJ_239 /* Bundle+Resource.swift in Sources */,
				OBJ_240 /* String+Currency.swift in Sources */,
				OBJ_241 /* String+Paragraphs.swift in Sources */,
				OBJ_242 /* UIColor+Hex.swift in Sources */,
				OBJ_243 /* CGFloat+Spacer.swift in Sources */,
				OBJ_244 /* FontMetrics.swift in Sources */,
				OBJ_245 /* IconButtonWithDisclosure.swift in Sources */,
				OBJ_246 /* InsetLabel.swift in Sources */,
				OBJ_247 /* MiscHelpers.swift in Sources */,
				OBJ_248 /* NSAttributedString+Alignment.swift in Sources */,
				OBJ_249 /* Option.swift in Sources */,
				OBJ_250 /* String+Accessibility.swift in Sources */,
				OBJ_251 /* TransparentButton.swift in Sources */,
				OBJ_252 /* UIColor+Components.swift in Sources */,
				OBJ_253 /* UIEdgeInsets+HMRC.swift in Sources */,
				OBJ_254 /* UIFont+HMRC.swift in Sources */,
				OBJ_255 /* UIImage+Color.swift in Sources */,
				OBJ_256 /* UILabel+Copyable.swift in Sources */,
				OBJ_257 /* UILabel+Sizing.swift in Sources */,
				OBJ_258 /* UIStackView+AddArrangedSubviews.swift in Sources */,
				OBJ_259 /* UIView+Build.swift in Sources */,
				OBJ_260 /* UIView+Constraints.swift in Sources */,
				OBJ_261 /* ViewWithCustomDisclosure.swift in Sources */,
				OBJ_262 /* BoldTitleBodyView.swift in Sources */,
				OBJ_263 /* CurrencyInputView.swift in Sources */,
				OBJ_264 /* H4TitleBodyView.swift in Sources */,
				OBJ_265 /* H5TitleBodyView.swift in Sources */,
				OBJ_266 /* IconButtonView.swift in Sources */,
				OBJ_267 /* InsetView.swift in Sources */,
				OBJ_268 /* MultiColumnRowView.swift in Sources */,
				OBJ_269 /* SelectRowGroupView.swift in Sources */,
				OBJ_270 /* SelectRowView.swift in Sources */,
				OBJ_271 /* StatusView.swift in Sources */,
				OBJ_272 /* SwitchRowView.swift in Sources */,
				OBJ_273 /* TabBarView.swift in Sources */,
				OBJ_274 /* TextInputView.swift in Sources */,
				OBJ_275 /* TitleBodyView.swift in Sources */,
				OBJ_276 /* WarningView.swift in Sources */,
				OBJ_277 /* CardView.swift in Sources */,
				OBJ_278 /* ExpandingRowComponent.swift in Sources */,
				OBJ_279 /* HeadlineCardView.swift in Sources */,
				OBJ_280 /* IconButtonCardView.swift in Sources */,
				OBJ_281 /* InformationMessage.swift in Sources */,
				OBJ_282 /* InformationMessageModel.swift in Sources */,
				OBJ_283 /* PageHeaderCardView.swift in Sources */,
				OBJ_284 /* PrimaryCardView.swift in Sources */,
				OBJ_285 /* StatusButtonCardView.swift in Sources */,
				OBJ_286 /* StatusCardView.swift in Sources */,
				OBJ_287 /* SummaryRowView.swift in Sources */,
			);
			runOnlyForDeploymentPostprocessing = 0;
		};
		OBJ_295 /* Sources */ = {
			isa = PBXSourcesBuildPhase;
			buildActionMask = 0;
			files = (
				OBJ_296 /* Constraint.swift in Sources */,
				OBJ_297 /* ConstraintAttributes.swift in Sources */,
				OBJ_298 /* ConstraintConfig.swift in Sources */,
				OBJ_299 /* ConstraintConstantTarget.swift in Sources */,
				OBJ_300 /* ConstraintDSL.swift in Sources */,
				OBJ_301 /* ConstraintDescription.swift in Sources */,
				OBJ_302 /* ConstraintDirectionalInsetTarget.swift in Sources */,
				OBJ_303 /* ConstraintDirectionalInsets.swift in Sources */,
				OBJ_304 /* ConstraintInsetTarget.swift in Sources */,
				OBJ_305 /* ConstraintInsets.swift in Sources */,
				OBJ_306 /* ConstraintItem.swift in Sources */,
				OBJ_307 /* ConstraintLayoutGuide+Extensions.swift in Sources */,
				OBJ_308 /* ConstraintLayoutGuide.swift in Sources */,
				OBJ_309 /* ConstraintLayoutGuideDSL.swift in Sources */,
				OBJ_310 /* ConstraintLayoutSupport.swift in Sources */,
				OBJ_311 /* ConstraintLayoutSupportDSL.swift in Sources */,
				OBJ_312 /* ConstraintMaker.swift in Sources */,
				OBJ_313 /* ConstraintMakerEditable.swift in Sources */,
				OBJ_314 /* ConstraintMakerExtendable.swift in Sources */,
				OBJ_315 /* ConstraintMakerFinalizable.swift in Sources */,
				OBJ_316 /* ConstraintMakerPriortizable.swift in Sources */,
				OBJ_317 /* ConstraintMakerRelatable.swift in Sources */,
				OBJ_318 /* ConstraintMultiplierTarget.swift in Sources */,
				OBJ_319 /* ConstraintOffsetTarget.swift in Sources */,
				OBJ_320 /* ConstraintPriority.swift in Sources */,
				OBJ_321 /* ConstraintPriorityTarget.swift in Sources */,
				OBJ_322 /* ConstraintRelatableTarget.swift in Sources */,
				OBJ_323 /* ConstraintRelation.swift in Sources */,
				OBJ_324 /* ConstraintView+Extensions.swift in Sources */,
				OBJ_325 /* ConstraintView.swift in Sources */,
				OBJ_326 /* ConstraintViewDSL.swift in Sources */,
				OBJ_327 /* Debugging.swift in Sources */,
				OBJ_328 /* LayoutConstraint.swift in Sources */,
				OBJ_329 /* LayoutConstraintItem.swift in Sources */,
				OBJ_330 /* Typealiases.swift in Sources */,
				OBJ_331 /* UILayoutSupport+Extensions.swift in Sources */,
			);
			runOnlyForDeploymentPostprocessing = 0;
		};
		OBJ_337 /* Sources */ = {
			isa = PBXSourcesBuildPhase;
			buildActionMask = 0;
			files = (
				OBJ_338 /* Package.swift in Sources */,
			);
			runOnlyForDeploymentPostprocessing = 0;
		};
		OBJ_343 /* Sources */ = {
			isa = PBXSourcesBuildPhase;
			buildActionMask = 0;
			files = (
				OBJ_344 /* BulletLabelView.swift in Sources */,
				OBJ_345 /* FlexibleButton.swift in Sources */,
				OBJ_346 /* NSAttributedString+HMRCStylable.swift in Sources */,
				OBJ_347 /* SeparatorView.swift in Sources */,
				OBJ_348 /* UIButton+ComponentBlock.swift in Sources */,
				OBJ_349 /* UIButton+HMRCStylable.swift in Sources */,
				OBJ_350 /* UILabel+HMRCStylable.swift in Sources */,
				OBJ_351 /* UIView+HMRCStylable.swift in Sources */,
				OBJ_352 /* ComponentsInfo.swift in Sources */,
				OBJ_353 /* ContainerView.swift in Sources */,
				OBJ_354 /* ContentSizeChangeable.swift in Sources */,
				OBJ_355 /* DebugOverlayableView.swift in Sources */,
				OBJ_356 /* HMRCStyle.swift in Sources */,
				OBJ_357 /* TouchPassThroughView.swift in Sources */,
				OBJ_358 /* DisplaysValidationError.swift in Sources */,
				OBJ_359 /* Bundle+Resource.swift in Sources */,
				OBJ_360 /* String+Currency.swift in Sources */,
				OBJ_361 /* String+Paragraphs.swift in Sources */,
				OBJ_362 /* UIColor+Hex.swift in Sources */,
				OBJ_363 /* CGFloat+Spacer.swift in Sources */,
				OBJ_364 /* FontMetrics.swift in Sources */,
				OBJ_365 /* IconButtonWithDisclosure.swift in Sources */,
				OBJ_366 /* InsetLabel.swift in Sources */,
				OBJ_367 /* MiscHelpers.swift in Sources */,
				OBJ_368 /* NSAttributedString+Alignment.swift in Sources */,
				OBJ_369 /* Option.swift in Sources */,
				OBJ_370 /* String+Accessibility.swift in Sources */,
				OBJ_371 /* TransparentButton.swift in Sources */,
				OBJ_372 /* UIColor+Components.swift in Sources */,
				OBJ_373 /* UIEdgeInsets+HMRC.swift in Sources */,
				OBJ_374 /* UIFont+HMRC.swift in Sources */,
				OBJ_375 /* UIImage+Color.swift in Sources */,
				OBJ_376 /* UILabel+Copyable.swift in Sources */,
				OBJ_377 /* UILabel+Sizing.swift in Sources */,
				OBJ_378 /* UIStackView+AddArrangedSubviews.swift in Sources */,
				OBJ_379 /* UIView+Build.swift in Sources */,
				OBJ_380 /* UIView+Constraints.swift in Sources */,
				OBJ_381 /* ViewWithCustomDisclosure.swift in Sources */,
				OBJ_382 /* BoldTitleBodyView.swift in Sources */,
				OBJ_383 /* CurrencyInputView.swift in Sources */,
				OBJ_384 /* H4TitleBodyView.swift in Sources */,
				OBJ_385 /* H5TitleBodyView.swift in Sources */,
				OBJ_386 /* IconButtonView.swift in Sources */,
				OBJ_387 /* InsetView.swift in Sources */,
				OBJ_388 /* MultiColumnRowView.swift in Sources */,
				OBJ_389 /* SelectRowGroupView.swift in Sources */,
				OBJ_390 /* SelectRowView.swift in Sources */,
				OBJ_391 /* StatusView.swift in Sources */,
				OBJ_392 /* SwitchRowView.swift in Sources */,
				OBJ_393 /* TabBarView.swift in Sources */,
				OBJ_394 /* TextInputView.swift in Sources */,
				OBJ_395 /* TitleBodyView.swift in Sources */,
				OBJ_396 /* WarningView.swift in Sources */,
				OBJ_397 /* CardView.swift in Sources */,
				OBJ_398 /* ExpandingRowComponent.swift in Sources */,
				OBJ_399 /* HeadlineCardView.swift in Sources */,
				OBJ_400 /* IconButtonCardView.swift in Sources */,
				OBJ_401 /* InformationMessage.swift in Sources */,
				OBJ_402 /* InformationMessageModel.swift in Sources */,
				OBJ_403 /* PageHeaderCardView.swift in Sources */,
				OBJ_404 /* PrimaryCardView.swift in Sources */,
				OBJ_405 /* StatusButtonCardView.swift in Sources */,
				OBJ_406 /* StatusCardView.swift in Sources */,
				OBJ_407 /* SummaryRowView.swift in Sources */,
			);
			runOnlyForDeploymentPostprocessing = 0;
		};
		OBJ_415 /* Sources */ = {
			isa = PBXSourcesBuildPhase;
			buildActionMask = 0;
			files = (
				OBJ_416 /* Package.swift in Sources */,
			);
			runOnlyForDeploymentPostprocessing = 0;
		};
/* End PBXSourcesBuildPhase section */

/* Begin PBXTargetDependency section */
		OBJ_290 /* PBXTargetDependency */ = {
			isa = PBXTargetDependency;
			target = "SnapKit::SnapKit" /* SnapKit */;
			targetProxy = 6CD41D25255C532100656C66 /* PBXContainerItemProxy */;
		};
		OBJ_410 /* PBXTargetDependency */ = {
			isa = PBXTargetDependency;
			target = "SnapKit::SnapKit" /* SnapKit */;
			targetProxy = 6CD41D24255C532100656C66 /* PBXContainerItemProxy */;
		};
/* End PBXTargetDependency section */

/* Begin XCBuildConfiguration section */
		OBJ_221 /* Debug */ = {
			isa = XCBuildConfiguration;
			buildSettings = {
				ENABLE_TESTABILITY = YES;
				FRAMEWORK_SEARCH_PATHS = (
					"$(inherited)",
					"$(PLATFORM_DIR)/Developer/Library/Frameworks",
				);
				HEADER_SEARCH_PATHS = "$(inherited)";
				INFOPLIST_FILE = UIComponents.xcodeproj/NSSComponents_Info.plist;
				IPHONEOS_DEPLOYMENT_TARGET = 11.0;
				LD_RUNPATH_SEARCH_PATHS = "$(inherited) $(TOOLCHAIN_DIR)/usr/lib/swift/macosx";
				MACOSX_DEPLOYMENT_TARGET = 10.10;
				OTHER_CFLAGS = "$(inherited)";
				OTHER_LDFLAGS = "$(inherited)";
				OTHER_SWIFT_FLAGS = "$(inherited)";
				PRODUCT_BUNDLE_IDENTIFIER = NSSComponents;
				PRODUCT_MODULE_NAME = "$(TARGET_NAME:c99extidentifier)";
				PRODUCT_NAME = "$(TARGET_NAME:c99extidentifier)";
				SKIP_INSTALL = YES;
				SWIFT_ACTIVE_COMPILATION_CONDITIONS = "$(inherited)";
				SWIFT_VERSION = 5.0;
				TARGET_NAME = NSSComponents;
				TVOS_DEPLOYMENT_TARGET = 9.0;
				WATCHOS_DEPLOYMENT_TARGET = 2.0;
			};
			name = Debug;
		};
		OBJ_222 /* Release */ = {
			isa = XCBuildConfiguration;
			buildSettings = {
				ENABLE_TESTABILITY = YES;
				FRAMEWORK_SEARCH_PATHS = (
					"$(inherited)",
					"$(PLATFORM_DIR)/Developer/Library/Frameworks",
				);
				HEADER_SEARCH_PATHS = "$(inherited)";
				INFOPLIST_FILE = UIComponents.xcodeproj/NSSComponents_Info.plist;
				IPHONEOS_DEPLOYMENT_TARGET = 11.0;
				LD_RUNPATH_SEARCH_PATHS = "$(inherited) $(TOOLCHAIN_DIR)/usr/lib/swift/macosx";
				MACOSX_DEPLOYMENT_TARGET = 10.10;
				OTHER_CFLAGS = "$(inherited)";
				OTHER_LDFLAGS = "$(inherited)";
				OTHER_SWIFT_FLAGS = "$(inherited)";
				PRODUCT_BUNDLE_IDENTIFIER = NSSComponents;
				PRODUCT_MODULE_NAME = "$(TARGET_NAME:c99extidentifier)";
				PRODUCT_NAME = "$(TARGET_NAME:c99extidentifier)";
				SKIP_INSTALL = YES;
				SWIFT_ACTIVE_COMPILATION_CONDITIONS = "$(inherited)";
				SWIFT_VERSION = 5.0;
				TARGET_NAME = NSSComponents;
				TVOS_DEPLOYMENT_TARGET = 9.0;
				WATCHOS_DEPLOYMENT_TARGET = 2.0;
			};
			name = Release;
		};
		OBJ_293 /* Debug */ = {
			isa = XCBuildConfiguration;
			buildSettings = {
				ENABLE_TESTABILITY = YES;
				FRAMEWORK_SEARCH_PATHS = (
					"$(inherited)",
					"$(PLATFORM_DIR)/Developer/Library/Frameworks",
				);
				HEADER_SEARCH_PATHS = "$(inherited)";
				INFOPLIST_FILE = UIComponents.xcodeproj/SnapKit_Info.plist;
				IPHONEOS_DEPLOYMENT_TARGET = 10.0;
				LD_RUNPATH_SEARCH_PATHS = "$(inherited) $(TOOLCHAIN_DIR)/usr/lib/swift/macosx";
				MACOSX_DEPLOYMENT_TARGET = 10.12;
				OTHER_CFLAGS = "$(inherited)";
				OTHER_LDFLAGS = "$(inherited)";
				OTHER_SWIFT_FLAGS = "$(inherited)";
				PRODUCT_BUNDLE_IDENTIFIER = SnapKit;
				PRODUCT_MODULE_NAME = "$(TARGET_NAME:c99extidentifier)";
				PRODUCT_NAME = "$(TARGET_NAME:c99extidentifier)";
				SKIP_INSTALL = YES;
				SWIFT_ACTIVE_COMPILATION_CONDITIONS = "$(inherited)";
				SWIFT_VERSION = 5.0;
				TARGET_NAME = SnapKit;
				TVOS_DEPLOYMENT_TARGET = 10.0;
				WATCHOS_DEPLOYMENT_TARGET = 2.0;
			};
			name = Debug;
		};
		OBJ_294 /* Release */ = {
			isa = XCBuildConfiguration;
			buildSettings = {
				ENABLE_TESTABILITY = YES;
				FRAMEWORK_SEARCH_PATHS = (
					"$(inherited)",
					"$(PLATFORM_DIR)/Developer/Library/Frameworks",
				);
				HEADER_SEARCH_PATHS = "$(inherited)";
				INFOPLIST_FILE = UIComponents.xcodeproj/SnapKit_Info.plist;
				IPHONEOS_DEPLOYMENT_TARGET = 10.0;
				LD_RUNPATH_SEARCH_PATHS = "$(inherited) $(TOOLCHAIN_DIR)/usr/lib/swift/macosx";
				MACOSX_DEPLOYMENT_TARGET = 10.12;
				OTHER_CFLAGS = "$(inherited)";
				OTHER_LDFLAGS = "$(inherited)";
				OTHER_SWIFT_FLAGS = "$(inherited)";
				PRODUCT_BUNDLE_IDENTIFIER = SnapKit;
				PRODUCT_MODULE_NAME = "$(TARGET_NAME:c99extidentifier)";
				PRODUCT_NAME = "$(TARGET_NAME:c99extidentifier)";
				SKIP_INSTALL = YES;
				SWIFT_ACTIVE_COMPILATION_CONDITIONS = "$(inherited)";
				SWIFT_VERSION = 5.0;
				TARGET_NAME = SnapKit;
				TVOS_DEPLOYMENT_TARGET = 10.0;
				WATCHOS_DEPLOYMENT_TARGET = 2.0;
			};
			name = Release;
		};
		OBJ_3 /* Debug */ = {
			isa = XCBuildConfiguration;
			buildSettings = {
				CLANG_ENABLE_OBJC_ARC = YES;
				COMBINE_HIDPI_IMAGES = YES;
				COPY_PHASE_STRIP = NO;
				DEBUG_INFORMATION_FORMAT = dwarf;
				DYLIB_INSTALL_NAME_BASE = "@rpath";
				ENABLE_NS_ASSERTIONS = YES;
				GCC_OPTIMIZATION_LEVEL = 0;
				GCC_PREPROCESSOR_DEFINITIONS = (
					"$(inherited)",
					"SWIFT_PACKAGE=1",
					"DEBUG=1",
				);
				MACOSX_DEPLOYMENT_TARGET = 10.10;
				ONLY_ACTIVE_ARCH = YES;
				OTHER_SWIFT_FLAGS = "$(inherited) -DXcode";
				PRODUCT_NAME = "$(TARGET_NAME)";
				SDKROOT = macosx;
				SUPPORTED_PLATFORMS = "macosx iphoneos iphonesimulator appletvos appletvsimulator watchos watchsimulator";
				SWIFT_ACTIVE_COMPILATION_CONDITIONS = "$(inherited) SWIFT_PACKAGE DEBUG";
				SWIFT_OPTIMIZATION_LEVEL = "-Onone";
				USE_HEADERMAP = NO;
			};
			name = Debug;
		};
		OBJ_335 /* Debug */ = {
			isa = XCBuildConfiguration;
			buildSettings = {
				LD = /usr/bin/true;
				OTHER_SWIFT_FLAGS = "-swift-version 5 -I $(TOOLCHAIN_DIR)/usr/lib/swift/pm/4_2 -sdk /Applications/Xcode.app/Contents/Developer/Platforms/MacOSX.platform/Developer/SDKs/MacOSX10.15.sdk -package-description-version 5.0.0";
				SWIFT_VERSION = 5.0;
			};
			name = Debug;
		};
		OBJ_336 /* Release */ = {
			isa = XCBuildConfiguration;
			buildSettings = {
				LD = /usr/bin/true;
				OTHER_SWIFT_FLAGS = "-swift-version 5 -I $(TOOLCHAIN_DIR)/usr/lib/swift/pm/4_2 -sdk /Applications/Xcode.app/Contents/Developer/Platforms/MacOSX.platform/Developer/SDKs/MacOSX10.15.sdk -package-description-version 5.0.0";
				SWIFT_VERSION = 5.0;
			};
			name = Release;
		};
		OBJ_341 /* Debug */ = {
			isa = XCBuildConfiguration;
			buildSettings = {
				ENABLE_TESTABILITY = YES;
				FRAMEWORK_SEARCH_PATHS = (
					"$(inherited)",
					"$(PLATFORM_DIR)/Developer/Library/Frameworks",
				);
				HEADER_SEARCH_PATHS = "$(inherited)";
				INFOPLIST_FILE = UIComponents.xcodeproj/UIComponents_Info.plist;
				IPHONEOS_DEPLOYMENT_TARGET = 11.0;
				LD_RUNPATH_SEARCH_PATHS = "$(inherited) $(TOOLCHAIN_DIR)/usr/lib/swift/macosx";
				MACOSX_DEPLOYMENT_TARGET = 10.10;
				OTHER_CFLAGS = "$(inherited)";
				OTHER_LDFLAGS = "$(inherited)";
				OTHER_SWIFT_FLAGS = "$(inherited)";
				PRODUCT_BUNDLE_IDENTIFIER = UIComponents;
				PRODUCT_MODULE_NAME = "$(TARGET_NAME:c99extidentifier)";
				PRODUCT_NAME = "$(TARGET_NAME:c99extidentifier)";
				SKIP_INSTALL = YES;
				SWIFT_ACTIVE_COMPILATION_CONDITIONS = "$(inherited)";
				SWIFT_VERSION = 5.0;
				TARGET_NAME = UIComponents;
				TVOS_DEPLOYMENT_TARGET = 9.0;
				WATCHOS_DEPLOYMENT_TARGET = 2.0;
			};
			name = Debug;
		};
		OBJ_342 /* Release */ = {
			isa = XCBuildConfiguration;
			buildSettings = {
				ENABLE_TESTABILITY = YES;
				FRAMEWORK_SEARCH_PATHS = (
					"$(inherited)",
					"$(PLATFORM_DIR)/Developer/Library/Frameworks",
				);
				HEADER_SEARCH_PATHS = "$(inherited)";
				INFOPLIST_FILE = UIComponents.xcodeproj/UIComponents_Info.plist;
				IPHONEOS_DEPLOYMENT_TARGET = 11.0;
				LD_RUNPATH_SEARCH_PATHS = "$(inherited) $(TOOLCHAIN_DIR)/usr/lib/swift/macosx";
				MACOSX_DEPLOYMENT_TARGET = 10.10;
				OTHER_CFLAGS = "$(inherited)";
				OTHER_LDFLAGS = "$(inherited)";
				OTHER_SWIFT_FLAGS = "$(inherited)";
				PRODUCT_BUNDLE_IDENTIFIER = UIComponents;
				PRODUCT_MODULE_NAME = "$(TARGET_NAME:c99extidentifier)";
				PRODUCT_NAME = "$(TARGET_NAME:c99extidentifier)";
				SKIP_INSTALL = YES;
				SWIFT_ACTIVE_COMPILATION_CONDITIONS = "$(inherited)";
				SWIFT_VERSION = 5.0;
				TARGET_NAME = UIComponents;
				TVOS_DEPLOYMENT_TARGET = 9.0;
				WATCHOS_DEPLOYMENT_TARGET = 2.0;
			};
			name = Release;
		};
		OBJ_4 /* Release */ = {
			isa = XCBuildConfiguration;
			buildSettings = {
				CLANG_ENABLE_OBJC_ARC = YES;
				COMBINE_HIDPI_IMAGES = YES;
				COPY_PHASE_STRIP = YES;
				DEBUG_INFORMATION_FORMAT = "dwarf-with-dsym";
				DYLIB_INSTALL_NAME_BASE = "@rpath";
				GCC_OPTIMIZATION_LEVEL = s;
				GCC_PREPROCESSOR_DEFINITIONS = (
					"$(inherited)",
					"SWIFT_PACKAGE=1",
				);
				MACOSX_DEPLOYMENT_TARGET = 10.10;
				OTHER_SWIFT_FLAGS = "$(inherited) -DXcode";
				PRODUCT_NAME = "$(TARGET_NAME)";
				SDKROOT = macosx;
				SUPPORTED_PLATFORMS = "macosx iphoneos iphonesimulator appletvos appletvsimulator watchos watchsimulator";
				SWIFT_ACTIVE_COMPILATION_CONDITIONS = "$(inherited) SWIFT_PACKAGE";
				SWIFT_OPTIMIZATION_LEVEL = "-Owholemodule";
				USE_HEADERMAP = NO;
			};
			name = Release;
		};
		OBJ_413 /* Debug */ = {
			isa = XCBuildConfiguration;
			buildSettings = {
				LD = /usr/bin/true;
				OTHER_SWIFT_FLAGS = "-swift-version 5 -I $(TOOLCHAIN_DIR)/usr/lib/swift/pm/4_2 -sdk /Applications/Xcode.app/Contents/Developer/Platforms/MacOSX.platform/Developer/SDKs/MacOSX10.15.sdk -package-description-version 5.3.0";
				SWIFT_VERSION = 5.0;
			};
			name = Debug;
		};
		OBJ_414 /* Release */ = {
			isa = XCBuildConfiguration;
			buildSettings = {
				LD = /usr/bin/true;
				OTHER_SWIFT_FLAGS = "-swift-version 5 -I $(TOOLCHAIN_DIR)/usr/lib/swift/pm/4_2 -sdk /Applications/Xcode.app/Contents/Developer/Platforms/MacOSX.platform/Developer/SDKs/MacOSX10.15.sdk -package-description-version 5.3.0";
				SWIFT_VERSION = 5.0;
			};
			name = Release;
		};
/* End XCBuildConfiguration section */

/* Begin XCConfigurationList section */
		OBJ_2 /* Build configuration list for PBXProject "UIComponents" */ = {
			isa = XCConfigurationList;
			buildConfigurations = (
				OBJ_3 /* Debug */,
				OBJ_4 /* Release */,
			);
			defaultConfigurationIsVisible = 0;
			defaultConfigurationName = Release;
		};
		OBJ_220 /* Build configuration list for PBXNativeTarget "NSSComponents" */ = {
			isa = XCConfigurationList;
			buildConfigurations = (
				OBJ_221 /* Debug */,
				OBJ_222 /* Release */,
			);
			defaultConfigurationIsVisible = 0;
			defaultConfigurationName = Release;
		};
		OBJ_292 /* Build configuration list for PBXNativeTarget "SnapKit" */ = {
			isa = XCConfigurationList;
			buildConfigurations = (
				OBJ_293 /* Debug */,
				OBJ_294 /* Release */,
			);
			defaultConfigurationIsVisible = 0;
			defaultConfigurationName = Release;
		};
		OBJ_334 /* Build configuration list for PBXNativeTarget "SnapKitPackageDescription" */ = {
			isa = XCConfigurationList;
			buildConfigurations = (
				OBJ_335 /* Debug */,
				OBJ_336 /* Release */,
			);
			defaultConfigurationIsVisible = 0;
			defaultConfigurationName = Release;
		};
		OBJ_340 /* Build configuration list for PBXNativeTarget "UIComponents" */ = {
			isa = XCConfigurationList;
			buildConfigurations = (
				OBJ_341 /* Debug */,
				OBJ_342 /* Release */,
			);
			defaultConfigurationIsVisible = 0;
			defaultConfigurationName = Release;
		};
		OBJ_412 /* Build configuration list for PBXNativeTarget "UIComponentsPackageDescription" */ = {
			isa = XCConfigurationList;
			buildConfigurations = (
				OBJ_413 /* Debug */,
				OBJ_414 /* Release */,
			);
			defaultConfigurationIsVisible = 0;
			defaultConfigurationName = Release;
		};
/* End XCConfigurationList section */
	};
	rootObject = OBJ_1 /* Project object */;
}
