{
  "pins" : [
    {
      "identity" : "ios-components",
      "kind" : "remoteSourceControl",
      "location" : "https://github.com/hmrc/ios-components.git",
      "state" : {
        "revision" : "e09143599ed5bc5785d655bcd3baa088f4078902"
      }
    },
    {
      "identity" : "snapkit",
      "kind" : "remoteSourceControl",
      "location" : "https://github.com/SnapKit/SnapKit.git",
      "state" : {
        "revision" : "f222cbdf325885926566172f6f5f06af95473158",
        "version" : "5.6.0"
      }
    }
  ],
  "version" : 2
}
