{
  "pins" : [
    {
      "identity" : "ios-components",
      "kind" : "remoteSourceControl",
      "location" : "https://github.com/hmrc/ios-components.git",
      "state" : {
        "revision" : "70d3c2d4bf40a59fe665f6632bea42c8aa0536fb"
      }
    },
    {
      "identity" : "snapkit",
      "kind" : "remoteSourceControl",
      "location" : "https://github.com/SnapKit/SnapKit.git",
      "state" : {
        "revision" : "f222cbdf325885926566172f6f5f06af95473158",
        "version" : "5.6.0"
      }
    }
  ],
  "version" : 2
}
