{
  "object": {
    "pins": [
      {
        "package": "UIComponents",
        "repositoryURL": "https://github.com/hmrc/ios-components.git",
        "state": {
          "branch": null,
          "revision": "266ccdec73455e4bb21227fd6aa5c2b3b826031f",
          "version": null
        }
      },
      {
        "package": "SnapKit",
        "repositoryURL": "https://github.com/SnapKit/SnapKit.git",
        "state": {
          "branch": null,
          "revision": "d458564516e5676af9c70b4f4b2a9178294f1bc6",
          "version": "5.0.1"
        }
      }
    ]
  },
  "version": 1
}
